{
  "originHash" : "92644bc4fbdf4ede600da4e86bbd508ef60fff216d3023f125ddbb15ab4ef299",
  "pins" : [
    {
      "identity" : "chesskit-engine",
      "kind" : "remoteSourceControl",
      "location" : "https://github.com/chesskit-app/chesskit-engine",
      "state" : {
        "revision" : "24f9364de45c35a9ff1e702f58ffd84e76dd1ba1",
        "version" : "0.3.0"
      }
    },
    {
      "identity" : "filepicker",
      "kind" : "remoteSourceControl",
      "location" : "https://github.com/markrenaud/FilePicker",
      "state" : {
        "revision" : "720f8cb5ca0c0efc982ed381afc84ba3e8b3214e",
        "version" : "1.0.1"
      }
    }
  ],
  "version" : 3
}
