// !$*UTF8*$!
{
	archiveVersion = 1;
	classes = {
	};
	objectVersion = 55;
	objects = {

/* Begin PBXBuildFile section */
		6100737B2C28918D009B2527 /* NotationFactory.swift in Sources */ = {isa = PBXBuildFile; fileRef = 6100737A2C28918D009B2527 /* NotationFactory.swift */; };
		6106C2BA2C1F800A00D67A00 /* FilePicker in Frameworks */ = {isa = PBXBuildFile; productRef = 6106C2B92C1F800A00D67A00 /* FilePicker */; };
		613B4AD92C4D416C007736D7 /* StructureFactory.swift in Sources */ = {isa = PBXBuildFile; fileRef = 613B4AD82C4D416C007736D7 /* StructureFactory.swift */; };
		614643FC2C31C1C70041E1BE /* PgnGame.swift in Sources */ = {isa = PBXBuildFile; fileRef = 614643FB2C31C1C70041E1BE /* PgnGame.swift */; };
		614643FE2C31D1540041E1BE /* PgnGameParser.swift in Sources */ = {isa = PBXBuildFile; fileRef = 614643FD2C31D1540041E1BE /* PgnGameParser.swift */; };
		614C6BF82C15EBC700B4F930 /* MoveListModel.swift in Sources */ = {isa = PBXBuildFile; fileRef = 614C6BF72C15EBC700B4F930 /* MoveListModel.swift */; };
		614C6BFC2C18A04100B4F930 /* MovePairModel.swift in Sources */ = {isa = PBXBuildFile; fileRef = 614C6BFB2C18A04100B4F930 /* MovePairModel.swift */; };
		614C6C002C19ACE300B4F930 /* MoveStructureTests.swift in Sources */ = {isa = PBXBuildFile; fileRef = 614C6BFF2C19ACE300B4F930 /* MoveStructureTests.swift */; };
		614C6C022C1A527800B4F930 /* RowView.swift in Sources */ = {isa = PBXBuildFile; fileRef = 614C6C012C1A527800B4F930 /* RowView.swift */; };
		614C6C042C1A53D000B4F930 /* VariationView.swift in Sources */ = {isa = PBXBuildFile; fileRef = 614C6C032C1A53D000B4F930 /* VariationView.swift */; };
		614FFC6B277780130082F892 /* MoveIndicatorView.swift in Sources */ = {isa = PBXBuildFile; fileRef = 614FFC69277780130082F892 /* MoveIndicatorView.swift */; };
		614FFC6E277786560082F892 /* Move.swift in Sources */ = {isa = PBXBuildFile; fileRef = 614FFC6C277786560082F892 /* Move.swift */; };
		6156C4B22C4C5EBB000CEB63 /* PgnParserTests.swift in Sources */ = {isa = PBXBuildFile; fileRef = 6156C4B12C4C5EBB000CEB63 /* PgnParserTests.swift */; };
		6157321D2BA5F21E0048EDDF /* PgnParser.swift in Sources */ = {isa = PBXBuildFile; fileRef = 6157321B2BA5F21E0048EDDF /* PgnParser.swift */; };
		616BA6AF2C287E3B0015D3CD /* PgnMovesParser.swift in Sources */ = {isa = PBXBuildFile; fileRef = 616BA6AE2C287E3B0015D3CD /* PgnMovesParser.swift */; };
		616D3E482BA464D8002D78EE /* GameState.swift in Sources */ = {isa = PBXBuildFile; fileRef = 616D3E462BA464D8002D78EE /* GameState.swift */; };
		6177238E274284FF00169D3D /* SwiftChessApp.swift in Sources */ = {isa = PBXBuildFile; fileRef = 61772362274284FE00169D3D /* SwiftChessApp.swift */; };
		61772390274284FF00169D3D /* ContentView.swift in Sources */ = {isa = PBXBuildFile; fileRef = 61772363274284FE00169D3D /* ContentView.swift */; };
		61772394274284FF00169D3D /* Assets.xcassets in Resources */ = {isa = PBXBuildFile; fileRef = 61772365274284FF00169D3D /* Assets.xcassets */; };
		617723A527429C9300169D3D /* BoardBackgroundView.swift in Sources */ = {isa = PBXBuildFile; fileRef = 617723A327429C9300169D3D /* BoardBackgroundView.swift */; };
		617723A82742ABB800169D3D /* BoardFigureView.swift in Sources */ = {isa = PBXBuildFile; fileRef = 617723A62742ABB800169D3D /* BoardFigureView.swift */; };
		61812E222767F0A900616866 /* FigureModel.swift in Sources */ = {isa = PBXBuildFile; fileRef = 61812E202767F0A900616866 /* FigureModel.swift */; };
		61812E252767F42000616866 /* BoardModel.swift in Sources */ = {isa = PBXBuildFile; fileRef = 61812E232767F42000616866 /* BoardModel.swift */; };
		61812E282767FDA900616866 /* BoardView.swift in Sources */ = {isa = PBXBuildFile; fileRef = 61812E262767FDA900616866 /* BoardView.swift */; };
		61812E2C2768078E00616866 /* PieceType.swift in Sources */ = {isa = PBXBuildFile; fileRef = 61812E2A2768078E00616866 /* PieceType.swift */; };
		61812E2F276807E600616866 /* PieceColor.swift in Sources */ = {isa = PBXBuildFile; fileRef = 61812E2D276807E600616866 /* PieceColor.swift */; };
		618D16A22C14FCA100D70B01 /* MoveModel.swift in Sources */ = {isa = PBXBuildFile; fileRef = 618D16A12C14FCA100D70B01 /* MoveModel.swift */; };
		618D83C12BC178FF00583944 /* ControlView.swift in Sources */ = {isa = PBXBuildFile; fileRef = 618D83BF2BC178FF00583944 /* ControlView.swift */; };
		618D83C52BC17E0100583944 /* MoveView.swift in Sources */ = {isa = PBXBuildFile; fileRef = 618D83C32BC17E0100583944 /* MoveView.swift */; };
		618D83CC2BC18C9900583944 /* ControlModel.swift in Sources */ = {isa = PBXBuildFile; fileRef = 618D83CA2BC18C9900583944 /* ControlModel.swift */; };
		619375E02BDE7873005A616D /* RawMovesTests.swift in Sources */ = {isa = PBXBuildFile; fileRef = 61AE78222B991AAD008F56F8 /* RawMovesTests.swift */; };
		619375E12BDE7873005A616D /* FieldTest.swift in Sources */ = {isa = PBXBuildFile; fileRef = 61AE782F2B99ED07008F56F8 /* FieldTest.swift */; };
		619375E22BDE7873005A616D /* ChessTestBase.swift in Sources */ = {isa = PBXBuildFile; fileRef = 61B32F5B2B9A7D7E00790CF7 /* ChessTestBase.swift */; };
		619375E32BDE7873005A616D /* MoveFactoryTests.swift in Sources */ = {isa = PBXBuildFile; fileRef = 61A919262BA1F8ED00AD371E /* MoveFactoryTests.swift */; };
		619375E42BDE7873005A616D /* PositionTests.swift in Sources */ = {isa = PBXBuildFile; fileRef = 616D3E402BA35241002D78EE /* PositionTests.swift */; };
		619375E52BDE7873005A616D /* NotationTests.swift in Sources */ = {isa = PBXBuildFile; fileRef = 616D3E422BA352BF002D78EE /* NotationTests.swift */; };
		619375E62BDE7873005A616D /* GameStateTests.swift in Sources */ = {isa = PBXBuildFile; fileRef = 616D3E492BA46683002D78EE /* GameStateTests.swift */; };
		619375E72BDE7873005A616D /* FenTests.swift in Sources */ = {isa = PBXBuildFile; fileRef = 6157321E2BA65BC50048EDDF /* FenTests.swift */; };
		619B657F2C1DF59D00C44FC9 /* PgnMove.swift in Sources */ = {isa = PBXBuildFile; fileRef = 619B657E2C1DF59D00C44FC9 /* PgnMove.swift */; };
		619B65812C1DF68000C44FC9 /* PgnRegex.swift in Sources */ = {isa = PBXBuildFile; fileRef = 619B65802C1DF68000C44FC9 /* PgnRegex.swift */; };
		619E5F112C53CF5F00803C61 /* StructureFactoryTests.swift in Sources */ = {isa = PBXBuildFile; fileRef = 619E5F102C53CF5F00803C61 /* StructureFactoryTests.swift */; };
		61A919252BA1F83E00AD371E /* MoveFactory.swift in Sources */ = {isa = PBXBuildFile; fileRef = 61A919232BA1F83E00AD371E /* MoveFactory.swift */; };
		61B0B43C2B94F5F20085DB48 /* Pawn.swift in Sources */ = {isa = PBXBuildFile; fileRef = 61B0B43A2B94F5F20085DB48 /* Pawn.swift */; };
		61B0B43F2B94F80F0085DB48 /* Bishop.swift in Sources */ = {isa = PBXBuildFile; fileRef = 61B0B43D2B94F80F0085DB48 /* Bishop.swift */; };
		61B0B4422B94F8850085DB48 /* Rook.swift in Sources */ = {isa = PBXBuildFile; fileRef = 61B0B4402B94F8850085DB48 /* Rook.swift */; };
		61B0B4452B94F8DB0085DB48 /* Queen.swift in Sources */ = {isa = PBXBuildFile; fileRef = 61B0B4432B94F8DB0085DB48 /* Queen.swift */; };
		61B0B4482B94F92E0085DB48 /* King.swift in Sources */ = {isa = PBXBuildFile; fileRef = 61B0B4462B94F92E0085DB48 /* King.swift */; };
		61B0B44B2B94FAE60085DB48 /* Knight.swift in Sources */ = {isa = PBXBuildFile; fileRef = 61B0B4492B94FAE60085DB48 /* Knight.swift */; };
		61B0B4512B95DEB00085DB48 /* ChessBoard.swift in Sources */ = {isa = PBXBuildFile; fileRef = 61B0B44F2B95DEB00085DB48 /* ChessBoard.swift */; };
		61B0B4542B95E1A90085DB48 /* MoveType.swift in Sources */ = {isa = PBXBuildFile; fileRef = 61B0B4522B95E1A90085DB48 /* MoveType.swift */; };
		61B0B4572B95F4E00085DB48 /* Figure.swift in Sources */ = {isa = PBXBuildFile; fileRef = 61B0B4552B95F4E00085DB48 /* Figure.swift */; };
		61B32F5A2B9A53DB00790CF7 /* Field.swift in Sources */ = {isa = PBXBuildFile; fileRef = 61B32F582B9A53DB00790CF7 /* Field.swift */; };
		61B32F5F2B9A873500790CF7 /* ValidationError.swift in Sources */ = {isa = PBXBuildFile; fileRef = 61B32F5D2B9A86BC00790CF7 /* ValidationError.swift */; };
		61B32F622B9CC5D700790CF7 /* Position.swift in Sources */ = {isa = PBXBuildFile; fileRef = 61B32F602B9CC5D700790CF7 /* Position.swift */; };
		61DB83C52C55C60800E2BAC4 /* MoveHistory.swift in Sources */ = {isa = PBXBuildFile; fileRef = 61DB83C42C55C60800E2BAC4 /* MoveHistory.swift */; };
		61EA625A2BA7452F009A0300 /* PositionFactory.swift in Sources */ = {isa = PBXBuildFile; fileRef = 61EA62582BA7452F009A0300 /* PositionFactory.swift */; };
		61EA625D2BA7988B009A0300 /* ResultView.swift in Sources */ = {isa = PBXBuildFile; fileRef = 61EA625B2BA7988B009A0300 /* ResultView.swift */; };
		61EA62602BA8FDA3009A0300 /* ResultModel.swift in Sources */ = {isa = PBXBuildFile; fileRef = 61EA625E2BA8FDA3009A0300 /* ResultModel.swift */; };
		61EA62662BAA0ACC009A0300 /* PromotionChooseView.swift in Sources */ = {isa = PBXBuildFile; fileRef = 61EA62642BAA0ACC009A0300 /* PromotionChooseView.swift */; };
		61EA62692BAA0ED2009A0300 /* FigureView.swift in Sources */ = {isa = PBXBuildFile; fileRef = 61EA62672BAA0ED2009A0300 /* FigureView.swift */; };
		61ED578C2C4BDC3300302C92 /* GamesView.swift in Sources */ = {isa = PBXBuildFile; fileRef = 61ED578B2C4BDC3300302C92 /* GamesView.swift */; };
		61F163EE2B9D165200C48BAC /* ChessFigure.swift in Sources */ = {isa = PBXBuildFile; fileRef = 61F163EC2B9D165200C48BAC /* ChessFigure.swift */; };
		61F35D082C55D4A80087956C /* MoveHistoryTests.swift in Sources */ = {isa = PBXBuildFile; fileRef = 61F35D072C55D4A80087956C /* MoveHistoryTests.swift */; };
		61F35D0A2C55D7E50087956C /* MoveStructure.swift in Sources */ = {isa = PBXBuildFile; fileRef = 61F35D092C55D7E50087956C /* MoveStructure.swift */; };
		61F35D0C2C5691830087956C /* HistoryFactory.swift in Sources */ = {isa = PBXBuildFile; fileRef = 61F35D0B2C5691820087956C /* HistoryFactory.swift */; };
		61F35D102C5814EF0087956C /* LineModel.swift in Sources */ = {isa = PBXBuildFile; fileRef = 61F35D0F2C5814EF0087956C /* LineModel.swift */; };
		61F609052BC208B1009BDC38 /* ControlButtonView.swift in Sources */ = {isa = PBXBuildFile; fileRef = 61F609032BC208B1009BDC38 /* ControlButtonView.swift */; };
		61F609082BC20C1B009BDC38 /* MoveListView.swift in Sources */ = {isa = PBXBuildFile; fileRef = 61F609062BC20C1B009BDC38 /* MoveListView.swift */; };
		61F6090B2BC30775009BDC38 /* BoardNavigationView.swift in Sources */ = {isa = PBXBuildFile; fileRef = 61F609092BC30775009BDC38 /* BoardNavigationView.swift */; };
		61F6090F2BC30F5F009BDC38 /* EngineView.swift in Sources */ = {isa = PBXBuildFile; fileRef = 61F6090D2BC30F5F009BDC38 /* EngineView.swift */; };
		61F609152BC333AF009BDC38 /* ChessKitEngine in Frameworks */ = {isa = PBXBuildFile; productRef = 61F609142BC333AF009BDC38 /* ChessKitEngine */; };
		61F609182BC33C26009BDC38 /* LanParser.swift in Sources */ = {isa = PBXBuildFile; fileRef = 61F609162BC33C26009BDC38 /* LanParser.swift */; };
		61F609232BC7F52C009BDC38 /* EngineLine.swift in Sources */ = {isa = PBXBuildFile; fileRef = 61F609212BC7F52C009BDC38 /* EngineLine.swift */; };
		61F609242BC7F553009BDC38 /* ChessEngine.swift in Sources */ = {isa = PBXBuildFile; fileRef = 61F6091A2BC7EC41009BDC38 /* ChessEngine.swift */; };
		61FA7FC22BA52A37002CA3D2 /* FenParser.swift in Sources */ = {isa = PBXBuildFile; fileRef = 61FA7FC02BA52A37002CA3D2 /* FenParser.swift */; };
		61FA7FC52BA52AAF002CA3D2 /* FenBuilder.swift in Sources */ = {isa = PBXBuildFile; fileRef = 61FA7FC32BA52AAF002CA3D2 /* FenBuilder.swift */; };
/* End PBXBuildFile section */

/* Begin PBXContainerItemProxy section */
		619375DB2BDE783D005A616D /* PBXContainerItemProxy */ = {
			isa = PBXContainerItemProxy;
			containerPortal = 6177235B274284FE00169D3D /* Project object */;
			proxyType = 1;
			remoteGlobalIDString = 6177236F274284FF00169D3D;
			remoteInfo = "SwiftChess (macOS)";
		};
/* End PBXContainerItemProxy section */

/* Begin PBXFileReference section */
		6100737A2C28918D009B2527 /* NotationFactory.swift */ = {isa = PBXFileReference; lastKnownFileType = sourcecode.swift; path = NotationFactory.swift; sourceTree = "<group>"; };
		613B4AD82C4D416C007736D7 /* StructureFactory.swift */ = {isa = PBXFileReference; lastKnownFileType = sourcecode.swift; path = StructureFactory.swift; sourceTree = "<group>"; };
		614643FB2C31C1C70041E1BE /* PgnGame.swift */ = {isa = PBXFileReference; lastKnownFileType = sourcecode.swift; path = PgnGame.swift; sourceTree = "<group>"; };
		614643FD2C31D1540041E1BE /* PgnGameParser.swift */ = {isa = PBXFileReference; lastKnownFileType = sourcecode.swift; path = PgnGameParser.swift; sourceTree = "<group>"; };
		614C6BF72C15EBC700B4F930 /* MoveListModel.swift */ = {isa = PBXFileReference; lastKnownFileType = sourcecode.swift; path = MoveListModel.swift; sourceTree = "<group>"; };
		614C6BFB2C18A04100B4F930 /* MovePairModel.swift */ = {isa = PBXFileReference; lastKnownFileType = sourcecode.swift; path = MovePairModel.swift; sourceTree = "<group>"; };
		614C6BFF2C19ACE300B4F930 /* MoveStructureTests.swift */ = {isa = PBXFileReference; lastKnownFileType = sourcecode.swift; path = MoveStructureTests.swift; sourceTree = "<group>"; };
		614C6C012C1A527800B4F930 /* RowView.swift */ = {isa = PBXFileReference; lastKnownFileType = sourcecode.swift; path = RowView.swift; sourceTree = "<group>"; };
		614C6C032C1A53D000B4F930 /* VariationView.swift */ = {isa = PBXFileReference; lastKnownFileType = sourcecode.swift; path = VariationView.swift; sourceTree = "<group>"; };
		614FFC69277780130082F892 /* MoveIndicatorView.swift */ = {isa = PBXFileReference; lastKnownFileType = sourcecode.swift; path = MoveIndicatorView.swift; sourceTree = "<group>"; };
		614FFC6C277786560082F892 /* Move.swift */ = {isa = PBXFileReference; lastKnownFileType = sourcecode.swift; path = Move.swift; sourceTree = "<group>"; };
		6156C4B12C4C5EBB000CEB63 /* PgnParserTests.swift */ = {isa = PBXFileReference; lastKnownFileType = sourcecode.swift; path = PgnParserTests.swift; sourceTree = "<group>"; };
		6157321B2BA5F21E0048EDDF /* PgnParser.swift */ = {isa = PBXFileReference; lastKnownFileType = sourcecode.swift; path = PgnParser.swift; sourceTree = "<group>"; };
		6157321E2BA65BC50048EDDF /* FenTests.swift */ = {isa = PBXFileReference; lastKnownFileType = sourcecode.swift; path = FenTests.swift; sourceTree = "<group>"; };
		616BA6AE2C287E3B0015D3CD /* PgnMovesParser.swift */ = {isa = PBXFileReference; lastKnownFileType = sourcecode.swift; path = PgnMovesParser.swift; sourceTree = "<group>"; };
		616D3E402BA35241002D78EE /* PositionTests.swift */ = {isa = PBXFileReference; lastKnownFileType = sourcecode.swift; path = PositionTests.swift; sourceTree = "<group>"; };
		616D3E422BA352BF002D78EE /* NotationTests.swift */ = {isa = PBXFileReference; lastKnownFileType = sourcecode.swift; path = NotationTests.swift; sourceTree = "<group>"; };
		616D3E462BA464D8002D78EE /* GameState.swift */ = {isa = PBXFileReference; lastKnownFileType = sourcecode.swift; path = GameState.swift; sourceTree = "<group>"; };
		616D3E492BA46683002D78EE /* GameStateTests.swift */ = {isa = PBXFileReference; lastKnownFileType = sourcecode.swift; path = GameStateTests.swift; sourceTree = "<group>"; };
		61772362274284FE00169D3D /* SwiftChessApp.swift */ = {isa = PBXFileReference; lastKnownFileType = sourcecode.swift; path = SwiftChessApp.swift; sourceTree = "<group>"; };
		61772363274284FE00169D3D /* ContentView.swift */ = {isa = PBXFileReference; lastKnownFileType = sourcecode.swift; path = ContentView.swift; sourceTree = "<group>"; };
		61772365274284FF00169D3D /* Assets.xcassets */ = {isa = PBXFileReference; lastKnownFileType = folder.assetcatalog; path = Assets.xcassets; sourceTree = "<group>"; };
		61772370274284FF00169D3D /* SwiftChess.app */ = {isa = PBXFileReference; explicitFileType = wrapper.application; includeInIndex = 0; path = SwiftChess.app; sourceTree = BUILT_PRODUCTS_DIR; };
		61772372274284FF00169D3D /* macOS.entitlements */ = {isa = PBXFileReference; lastKnownFileType = text.plist.entitlements; path = macOS.entitlements; sourceTree = "<group>"; };
		617723A327429C9300169D3D /* BoardBackgroundView.swift */ = {isa = PBXFileReference; lastKnownFileType = sourcecode.swift; path = BoardBackgroundView.swift; sourceTree = "<group>"; };
		617723A62742ABB800169D3D /* BoardFigureView.swift */ = {isa = PBXFileReference; lastKnownFileType = sourcecode.swift; path = BoardFigureView.swift; sourceTree = "<group>"; };
		61812E202767F0A900616866 /* FigureModel.swift */ = {isa = PBXFileReference; lastKnownFileType = sourcecode.swift; path = FigureModel.swift; sourceTree = "<group>"; };
		61812E232767F42000616866 /* BoardModel.swift */ = {isa = PBXFileReference; lastKnownFileType = sourcecode.swift; path = BoardModel.swift; sourceTree = "<group>"; };
		61812E262767FDA900616866 /* BoardView.swift */ = {isa = PBXFileReference; lastKnownFileType = sourcecode.swift; path = BoardView.swift; sourceTree = "<group>"; };
		61812E2A2768078E00616866 /* PieceType.swift */ = {isa = PBXFileReference; lastKnownFileType = sourcecode.swift; path = PieceType.swift; sourceTree = "<group>"; };
		61812E2D276807E600616866 /* PieceColor.swift */ = {isa = PBXFileReference; lastKnownFileType = sourcecode.swift; path = PieceColor.swift; sourceTree = "<group>"; };
		618D16A12C14FCA100D70B01 /* MoveModel.swift */ = {isa = PBXFileReference; lastKnownFileType = sourcecode.swift; path = MoveModel.swift; sourceTree = "<group>"; };
		618D83BF2BC178FF00583944 /* ControlView.swift */ = {isa = PBXFileReference; lastKnownFileType = sourcecode.swift; path = ControlView.swift; sourceTree = "<group>"; };
		618D83C32BC17E0100583944 /* MoveView.swift */ = {isa = PBXFileReference; lastKnownFileType = sourcecode.swift; path = MoveView.swift; sourceTree = "<group>"; };
		618D83CA2BC18C9900583944 /* ControlModel.swift */ = {isa = PBXFileReference; lastKnownFileType = sourcecode.swift; path = ControlModel.swift; sourceTree = "<group>"; };
		619375D72BDE783D005A616D /* SwiftChessTests.xctest */ = {isa = PBXFileReference; explicitFileType = wrapper.cfbundle; includeInIndex = 0; path = SwiftChessTests.xctest; sourceTree = BUILT_PRODUCTS_DIR; };
		619B657E2C1DF59D00C44FC9 /* PgnMove.swift */ = {isa = PBXFileReference; lastKnownFileType = sourcecode.swift; path = PgnMove.swift; sourceTree = "<group>"; };
		619B65802C1DF68000C44FC9 /* PgnRegex.swift */ = {isa = PBXFileReference; lastKnownFileType = sourcecode.swift; path = PgnRegex.swift; sourceTree = "<group>"; };
		619E5F102C53CF5F00803C61 /* StructureFactoryTests.swift */ = {isa = PBXFileReference; lastKnownFileType = sourcecode.swift; path = StructureFactoryTests.swift; sourceTree = "<group>"; };
		61A919232BA1F83E00AD371E /* MoveFactory.swift */ = {isa = PBXFileReference; lastKnownFileType = sourcecode.swift; path = MoveFactory.swift; sourceTree = "<group>"; };
		61A919262BA1F8ED00AD371E /* MoveFactoryTests.swift */ = {isa = PBXFileReference; lastKnownFileType = sourcecode.swift; path = MoveFactoryTests.swift; sourceTree = "<group>"; };
		61AE78222B991AAD008F56F8 /* RawMovesTests.swift */ = {isa = PBXFileReference; lastKnownFileType = sourcecode.swift; path = RawMovesTests.swift; sourceTree = "<group>"; };
		61AE78292B991BE8008F56F8 /* SwiftChess (macOS).xctestplan */ = {isa = PBXFileReference; lastKnownFileType = text; path = "SwiftChess (macOS).xctestplan"; sourceTree = "<group>"; };
		61AE782F2B99ED07008F56F8 /* FieldTest.swift */ = {isa = PBXFileReference; lastKnownFileType = sourcecode.swift; path = FieldTest.swift; sourceTree = "<group>"; };
		61B0B43A2B94F5F20085DB48 /* Pawn.swift */ = {isa = PBXFileReference; lastKnownFileType = sourcecode.swift; path = Pawn.swift; sourceTree = "<group>"; };
		61B0B43D2B94F80F0085DB48 /* Bishop.swift */ = {isa = PBXFileReference; lastKnownFileType = sourcecode.swift; path = Bishop.swift; sourceTree = "<group>"; };
		61B0B4402B94F8850085DB48 /* Rook.swift */ = {isa = PBXFileReference; lastKnownFileType = sourcecode.swift; path = Rook.swift; sourceTree = "<group>"; };
		61B0B4432B94F8DB0085DB48 /* Queen.swift */ = {isa = PBXFileReference; lastKnownFileType = sourcecode.swift; path = Queen.swift; sourceTree = "<group>"; };
		61B0B4462B94F92E0085DB48 /* King.swift */ = {isa = PBXFileReference; lastKnownFileType = sourcecode.swift; path = King.swift; sourceTree = "<group>"; };
		61B0B4492B94FAE60085DB48 /* Knight.swift */ = {isa = PBXFileReference; lastKnownFileType = sourcecode.swift; path = Knight.swift; sourceTree = "<group>"; };
		61B0B44F2B95DEB00085DB48 /* ChessBoard.swift */ = {isa = PBXFileReference; lastKnownFileType = sourcecode.swift; path = ChessBoard.swift; sourceTree = "<group>"; };
		61B0B4522B95E1A90085DB48 /* MoveType.swift */ = {isa = PBXFileReference; lastKnownFileType = sourcecode.swift; path = MoveType.swift; sourceTree = "<group>"; };
		61B0B4552B95F4E00085DB48 /* Figure.swift */ = {isa = PBXFileReference; lastKnownFileType = sourcecode.swift; path = Figure.swift; sourceTree = "<group>"; };
		61B32F582B9A53DB00790CF7 /* Field.swift */ = {isa = PBXFileReference; lastKnownFileType = sourcecode.swift; path = Field.swift; sourceTree = "<group>"; };
		61B32F5B2B9A7D7E00790CF7 /* ChessTestBase.swift */ = {isa = PBXFileReference; lastKnownFileType = sourcecode.swift; path = ChessTestBase.swift; sourceTree = "<group>"; };
		61B32F5D2B9A86BC00790CF7 /* ValidationError.swift */ = {isa = PBXFileReference; lastKnownFileType = sourcecode.swift; path = ValidationError.swift; sourceTree = "<group>"; };
		61B32F602B9CC5D700790CF7 /* Position.swift */ = {isa = PBXFileReference; lastKnownFileType = sourcecode.swift; path = Position.swift; sourceTree = "<group>"; };
		61DB83C42C55C60800E2BAC4 /* MoveHistory.swift */ = {isa = PBXFileReference; lastKnownFileType = sourcecode.swift; path = MoveHistory.swift; sourceTree = "<group>"; };
		61EA62582BA7452F009A0300 /* PositionFactory.swift */ = {isa = PBXFileReference; lastKnownFileType = sourcecode.swift; path = PositionFactory.swift; sourceTree = "<group>"; };
		61EA625B2BA7988B009A0300 /* ResultView.swift */ = {isa = PBXFileReference; lastKnownFileType = sourcecode.swift; path = ResultView.swift; sourceTree = "<group>"; };
		61EA625E2BA8FDA3009A0300 /* ResultModel.swift */ = {isa = PBXFileReference; lastKnownFileType = sourcecode.swift; path = ResultModel.swift; sourceTree = "<group>"; };
		61EA62642BAA0ACC009A0300 /* PromotionChooseView.swift */ = {isa = PBXFileReference; lastKnownFileType = sourcecode.swift; path = PromotionChooseView.swift; sourceTree = "<group>"; };
		61EA62672BAA0ED2009A0300 /* FigureView.swift */ = {isa = PBXFileReference; lastKnownFileType = sourcecode.swift; path = FigureView.swift; sourceTree = "<group>"; };
		61ED578B2C4BDC3300302C92 /* GamesView.swift */ = {isa = PBXFileReference; lastKnownFileType = sourcecode.swift; path = GamesView.swift; sourceTree = "<group>"; };
		61F163EC2B9D165200C48BAC /* ChessFigure.swift */ = {isa = PBXFileReference; lastKnownFileType = sourcecode.swift; path = ChessFigure.swift; sourceTree = "<group>"; };
		61F35D072C55D4A80087956C /* MoveHistoryTests.swift */ = {isa = PBXFileReference; lastKnownFileType = sourcecode.swift; path = MoveHistoryTests.swift; sourceTree = "<group>"; };
		61F35D092C55D7E50087956C /* MoveStructure.swift */ = {isa = PBXFileReference; lastKnownFileType = sourcecode.swift; path = MoveStructure.swift; sourceTree = "<group>"; };
		61F35D0B2C5691820087956C /* HistoryFactory.swift */ = {isa = PBXFileReference; lastKnownFileType = sourcecode.swift; path = HistoryFactory.swift; sourceTree = "<group>"; };
		61F35D0F2C5814EF0087956C /* LineModel.swift */ = {isa = PBXFileReference; lastKnownFileType = sourcecode.swift; path = LineModel.swift; sourceTree = "<group>"; };
		61F609032BC208B1009BDC38 /* ControlButtonView.swift */ = {isa = PBXFileReference; lastKnownFileType = sourcecode.swift; path = ControlButtonView.swift; sourceTree = "<group>"; };
		61F609062BC20C1B009BDC38 /* MoveListView.swift */ = {isa = PBXFileReference; lastKnownFileType = sourcecode.swift; path = MoveListView.swift; sourceTree = "<group>"; };
		61F609092BC30775009BDC38 /* BoardNavigationView.swift */ = {isa = PBXFileReference; lastKnownFileType = sourcecode.swift; path = BoardNavigationView.swift; sourceTree = "<group>"; };
		61F6090D2BC30F5F009BDC38 /* EngineView.swift */ = {isa = PBXFileReference; lastKnownFileType = sourcecode.swift; path = EngineView.swift; sourceTree = "<group>"; };
		61F609162BC33C26009BDC38 /* LanParser.swift */ = {isa = PBXFileReference; lastKnownFileType = sourcecode.swift; path = LanParser.swift; sourceTree = "<group>"; };
		61F6091A2BC7EC41009BDC38 /* ChessEngine.swift */ = {isa = PBXFileReference; lastKnownFileType = sourcecode.swift; path = ChessEngine.swift; sourceTree = "<group>"; };
		61F609212BC7F52C009BDC38 /* EngineLine.swift */ = {isa = PBXFileReference; lastKnownFileType = sourcecode.swift; path = EngineLine.swift; sourceTree = "<group>"; };
		61FA7FC02BA52A37002CA3D2 /* FenParser.swift */ = {isa = PBXFileReference; lastKnownFileType = sourcecode.swift; path = FenParser.swift; sourceTree = "<group>"; };
		61FA7FC32BA52AAF002CA3D2 /* FenBuilder.swift */ = {isa = PBXFileReference; lastKnownFileType = sourcecode.swift; path = FenBuilder.swift; sourceTree = "<group>"; };
/* End PBXFileReference section */

/* Begin PBXFrameworksBuildPhase section */
		6177236D274284FF00169D3D /* Frameworks */ = {
			isa = PBXFrameworksBuildPhase;
			buildActionMask = 2147483647;
			files = (
				6106C2BA2C1F800A00D67A00 /* FilePicker in Frameworks */,
				61F609152BC333AF009BDC38 /* ChessKitEngine in Frameworks */,
			);
			runOnlyForDeploymentPostprocessing = 0;
		};
		619375D42BDE783D005A616D /* Frameworks */ = {
			isa = PBXFrameworksBuildPhase;
			buildActionMask = 2147483647;
			files = (
			);
			runOnlyForDeploymentPostprocessing = 0;
		};
/* End PBXFrameworksBuildPhase section */

/* Begin PBXGroup section */
		612CDBD62C15091F00877DF2 /* Control */ = {
			isa = PBXGroup;
			children = (
				61F609192BC7EC30009BDC38 /* Engine */,
				614C6BF92C15F3E900B4F930 /* MoveList */,
				612CDBD92C15096D00877DF2 /* Views */,
				618D83CA2BC18C9900583944 /* ControlModel.swift */,
			);
			path = Control;
			sourceTree = "<group>";
		};
		612CDBD92C15096D00877DF2 /* Views */ = {
			isa = PBXGroup;
			children = (
				61F609092BC30775009BDC38 /* BoardNavigationView.swift */,
				61F609032BC208B1009BDC38 /* ControlButtonView.swift */,
				618D83BF2BC178FF00583944 /* ControlView.swift */,
				61ED578B2C4BDC3300302C92 /* GamesView.swift */,
			);
			path = Views;
			sourceTree = "<group>";
		};
		612CDBDB2C150B8F00877DF2 /* Board */ = {
			isa = PBXGroup;
			children = (
				61812E1F2767F09400616866 /* Models */,
				617723A92742AC7400169D3D /* Views */,
			);
			path = Board;
			sourceTree = "<group>";
		};
		614643FF2C31D2200041E1BE /* structs */ = {
			isa = PBXGroup;
			children = (
				614643FB2C31C1C70041E1BE /* PgnGame.swift */,
				619B657E2C1DF59D00C44FC9 /* PgnMove.swift */,
			);
			path = structs;
			sourceTree = "<group>";
		};
		614C6BF92C15F3E900B4F930 /* MoveList */ = {
			isa = PBXGroup;
			children = (
				61F35D0E2C56935D0087956C /* History */,
				61F35D0D2C56934D0087956C /* Structure */,
				614C6BFA2C15F45000B4F930 /* Views */,
				614C6BF72C15EBC700B4F930 /* MoveListModel.swift */,
			);
			path = MoveList;
			sourceTree = "<group>";
		};
		614C6BFA2C15F45000B4F930 /* Views */ = {
			isa = PBXGroup;
			children = (
				618D83C32BC17E0100583944 /* MoveView.swift */,
				614C6C012C1A527800B4F930 /* RowView.swift */,
				614C6C032C1A53D000B4F930 /* VariationView.swift */,
				61F609062BC20C1B009BDC38 /* MoveListView.swift */,
			);
			path = Views;
			sourceTree = "<group>";
		};
		614C6BFD2C19AC9800B4F930 /* Chess */ = {
			isa = PBXGroup;
			children = (
				61AE78222B991AAD008F56F8 /* RawMovesTests.swift */,
				61AE782F2B99ED07008F56F8 /* FieldTest.swift */,
				61B32F5B2B9A7D7E00790CF7 /* ChessTestBase.swift */,
				61A919262BA1F8ED00AD371E /* MoveFactoryTests.swift */,
				616D3E402BA35241002D78EE /* PositionTests.swift */,
				616D3E422BA352BF002D78EE /* NotationTests.swift */,
				616D3E492BA46683002D78EE /* GameStateTests.swift */,
				6157321E2BA65BC50048EDDF /* FenTests.swift */,
			);
			path = Chess;
			sourceTree = "<group>";
		};
		614C6BFE2C19ACB700B4F930 /* Control */ = {
			isa = PBXGroup;
			children = (
				614C6BFF2C19ACE300B4F930 /* MoveStructureTests.swift */,
				619E5F102C53CF5F00803C61 /* StructureFactoryTests.swift */,
				61F35D072C55D4A80087956C /* MoveHistoryTests.swift */,
			);
			path = Control;
			sourceTree = "<group>";
		};
		6156C4B02C4C5E9F000CEB63 /* ChessUtil */ = {
			isa = PBXGroup;
			children = (
				6156C4B12C4C5EBB000CEB63 /* PgnParserTests.swift */,
			);
			path = ChessUtil;
			sourceTree = "<group>";
		};
		6157320A2BA5EB4C0048EDDF /* Figures */ = {
			isa = PBXGroup;
			children = (
				61F163EC2B9D165200C48BAC /* ChessFigure.swift */,
				61B0B4552B95F4E00085DB48 /* Figure.swift */,
				61B0B43A2B94F5F20085DB48 /* Pawn.swift */,
				61B0B43D2B94F80F0085DB48 /* Bishop.swift */,
				61B0B4402B94F8850085DB48 /* Rook.swift */,
				61B0B4432B94F8DB0085DB48 /* Queen.swift */,
				61B0B4462B94F92E0085DB48 /* King.swift */,
				61B0B4492B94FAE60085DB48 /* Knight.swift */,
			);
			path = Figures;
			sourceTree = "<group>";
		};
		616BA6A92C287C650015D3CD /* ChessUtil */ = {
			isa = PBXGroup;
			children = (
				616BA6AC2C287C8E0015D3CD /* LAN */,
				616BA6AB2C287C880015D3CD /* FEN */,
				616BA6AA2C287C7F0015D3CD /* PGN */,
			);
			path = ChessUtil;
			sourceTree = "<group>";
		};
		616BA6AA2C287C7F0015D3CD /* PGN */ = {
			isa = PBXGroup;
			children = (
				614643FF2C31D2200041E1BE /* structs */,
				619B65802C1DF68000C44FC9 /* PgnRegex.swift */,
				616BA6AE2C287E3B0015D3CD /* PgnMovesParser.swift */,
				614643FD2C31D1540041E1BE /* PgnGameParser.swift */,
				6157321B2BA5F21E0048EDDF /* PgnParser.swift */,
			);
			path = PGN;
			sourceTree = "<group>";
		};
		616BA6AB2C287C880015D3CD /* FEN */ = {
			isa = PBXGroup;
			children = (
				61FA7FC02BA52A37002CA3D2 /* FenParser.swift */,
				61FA7FC32BA52AAF002CA3D2 /* FenBuilder.swift */,
			);
			path = FEN;
			sourceTree = "<group>";
		};
		616BA6AC2C287C8E0015D3CD /* LAN */ = {
			isa = PBXGroup;
			children = (
				61F609162BC33C26009BDC38 /* LanParser.swift */,
			);
			path = LAN;
			sourceTree = "<group>";
		};
		616BA6AD2C287DB20015D3CD /* Factories */ = {
			isa = PBXGroup;
			children = (
				61A919232BA1F83E00AD371E /* MoveFactory.swift */,
				61EA62582BA7452F009A0300 /* PositionFactory.swift */,
				6100737A2C28918D009B2527 /* NotationFactory.swift */,
			);
			path = Factories;
			sourceTree = "<group>";
		};
		6177235A274284FE00169D3D = {
			isa = PBXGroup;
			children = (
				61AE78292B991BE8008F56F8 /* SwiftChess (macOS).xctestplan */,
				6177235F274284FE00169D3D /* Shared */,
				61772371274284FF00169D3D /* macOS */,
				61AE78212B991AAD008F56F8 /* SwiftChessTests */,
				6177236B274284FF00169D3D /* Products */,
				61F6091E2BC7F2D1009BDC38 /* Frameworks */,
			);
			sourceTree = "<group>";
		};
		6177235F274284FE00169D3D /* Shared */ = {
			isa = PBXGroup;
			children = (
				616BA6A92C287C650015D3CD /* ChessUtil */,
				61B0B44C2B95D7160085DB48 /* Chess */,
				612CDBDB2C150B8F00877DF2 /* Board */,
				612CDBD62C15091F00877DF2 /* Control */,
				61772363274284FE00169D3D /* ContentView.swift */,
				61772362274284FE00169D3D /* SwiftChessApp.swift */,
				61772365274284FF00169D3D /* Assets.xcassets */,
			);
			path = Shared;
			sourceTree = "<group>";
		};
		6177236B274284FF00169D3D /* Products */ = {
			isa = PBXGroup;
			children = (
				61772370274284FF00169D3D /* SwiftChess.app */,
				619375D72BDE783D005A616D /* SwiftChessTests.xctest */,
			);
			name = Products;
			sourceTree = "<group>";
		};
		61772371274284FF00169D3D /* macOS */ = {
			isa = PBXGroup;
			children = (
				61772372274284FF00169D3D /* macOS.entitlements */,
			);
			path = macOS;
			sourceTree = "<group>";
		};
		617723A92742AC7400169D3D /* Views */ = {
			isa = PBXGroup;
			children = (
				61EA62672BAA0ED2009A0300 /* FigureView.swift */,
				61EA62642BAA0ACC009A0300 /* PromotionChooseView.swift */,
				617723A327429C9300169D3D /* BoardBackgroundView.swift */,
				617723A62742ABB800169D3D /* BoardFigureView.swift */,
				61812E262767FDA900616866 /* BoardView.swift */,
				614FFC69277780130082F892 /* MoveIndicatorView.swift */,
				61EA625B2BA7988B009A0300 /* ResultView.swift */,
			);
			path = Views;
			sourceTree = "<group>";
		};
		61812E1F2767F09400616866 /* Models */ = {
			isa = PBXGroup;
			children = (
				61812E202767F0A900616866 /* FigureModel.swift */,
				61812E232767F42000616866 /* BoardModel.swift */,
				61EA625E2BA8FDA3009A0300 /* ResultModel.swift */,
			);
			path = Models;
			sourceTree = "<group>";
		};
		61812E292768077900616866 /* Enums */ = {
			isa = PBXGroup;
			children = (
				61812E2A2768078E00616866 /* PieceType.swift */,
				61812E2D276807E600616866 /* PieceColor.swift */,
				61B0B4522B95E1A90085DB48 /* MoveType.swift */,
				61B32F5D2B9A86BC00790CF7 /* ValidationError.swift */,
				616D3E462BA464D8002D78EE /* GameState.swift */,
			);
			path = Enums;
			sourceTree = "<group>";
		};
		61AE78212B991AAD008F56F8 /* SwiftChessTests */ = {
			isa = PBXGroup;
			children = (
				6156C4B02C4C5E9F000CEB63 /* ChessUtil */,
				614C6BFD2C19AC9800B4F930 /* Chess */,
				614C6BFE2C19ACB700B4F930 /* Control */,
			);
			path = SwiftChessTests;
			sourceTree = "<group>";
		};
		61B0B44C2B95D7160085DB48 /* Chess */ = {
			isa = PBXGroup;
			children = (
				616BA6AD2C287DB20015D3CD /* Factories */,
				61812E292768077900616866 /* Enums */,
				6157320A2BA5EB4C0048EDDF /* Figures */,
				61B32F602B9CC5D700790CF7 /* Position.swift */,
				614FFC6C277786560082F892 /* Move.swift */,
				61B0B44F2B95DEB00085DB48 /* ChessBoard.swift */,
				61B32F582B9A53DB00790CF7 /* Field.swift */,
			);
			path = Chess;
			sourceTree = "<group>";
		};
		61F35D0D2C56934D0087956C /* Structure */ = {
			isa = PBXGroup;
			children = (
				618D16A12C14FCA100D70B01 /* MoveModel.swift */,
				614C6BFB2C18A04100B4F930 /* MovePairModel.swift */,
				61F35D0F2C5814EF0087956C /* LineModel.swift */,
				613B4AD82C4D416C007736D7 /* StructureFactory.swift */,
				61F35D092C55D7E50087956C /* MoveStructure.swift */,
			);
			path = Structure;
			sourceTree = "<group>";
		};
		61F35D0E2C56935D0087956C /* History */ = {
			isa = PBXGroup;
			children = (
				61F35D0B2C5691820087956C /* HistoryFactory.swift */,
				61DB83C42C55C60800E2BAC4 /* MoveHistory.swift */,
			);
			path = History;
			sourceTree = "<group>";
		};
		61F609192BC7EC30009BDC38 /* Engine */ = {
			isa = PBXGroup;
			children = (
				61F609212BC7F52C009BDC38 /* EngineLine.swift */,
				61F6090D2BC30F5F009BDC38 /* EngineView.swift */,
				61F6091A2BC7EC41009BDC38 /* ChessEngine.swift */,
			);
			path = Engine;
			sourceTree = "<group>";
		};
		61F6091E2BC7F2D1009BDC38 /* Frameworks */ = {
			isa = PBXGroup;
			children = (
			);
			name = Frameworks;
			sourceTree = "<group>";
		};
/* End PBXGroup section */

/* Begin PBXNativeTarget section */
		6177236F274284FF00169D3D /* SwiftChess (macOS) */ = {
			isa = PBXNativeTarget;
			buildConfigurationList = 6177239A274284FF00169D3D /* Build configuration list for PBXNativeTarget "SwiftChess (macOS)" */;
			buildPhases = (
				6177236C274284FF00169D3D /* Sources */,
				6177236D274284FF00169D3D /* Frameworks */,
				6177236E274284FF00169D3D /* Resources */,
			);
			buildRules = (
			);
			dependencies = (
				61F609112BC310B4009BDC38 /* PBXTargetDependency */,
			);
			name = "SwiftChess (macOS)";
			packageProductDependencies = (
				61F609142BC333AF009BDC38 /* ChessKitEngine */,
				6106C2B92C1F800A00D67A00 /* FilePicker */,
			);
			productName = "SwiftChess (macOS)";
			productReference = 61772370274284FF00169D3D /* SwiftChess.app */;
			productType = "com.apple.product-type.application";
		};
		619375D62BDE783D005A616D /* SwiftChessTests */ = {
			isa = PBXNativeTarget;
			buildConfigurationList = 619375DF2BDE783D005A616D /* Build configuration list for PBXNativeTarget "SwiftChessTests" */;
			buildPhases = (
				619375D32BDE783D005A616D /* Sources */,
				619375D42BDE783D005A616D /* Frameworks */,
				619375D52BDE783D005A616D /* Resources */,
			);
			buildRules = (
			);
			dependencies = (
				619375DC2BDE783D005A616D /* PBXTargetDependency */,
			);
			name = SwiftChessTests;
			productName = SwiftChessTests;
			productReference = 619375D72BDE783D005A616D /* SwiftChessTests.xctest */;
			productType = "com.apple.product-type.bundle.unit-test";
		};
/* End PBXNativeTarget section */

/* Begin PBXProject section */
		6177235B274284FE00169D3D /* Project object */ = {
			isa = PBXProject;
			attributes = {
				BuildIndependentTargetsInParallel = 1;
				LastSwiftUpdateCheck = 1530;
				LastUpgradeCheck = 1540;
				TargetAttributes = {
					6177236F274284FF00169D3D = {
						CreatedOnToolsVersion = 13.1;
					};
					619375D62BDE783D005A616D = {
						CreatedOnToolsVersion = 15.3;
						TestTargetID = 6177236F274284FF00169D3D;
					};
				};
			};
			buildConfigurationList = 6177235E274284FE00169D3D /* Build configuration list for PBXProject "SwiftChess" */;
			compatibilityVersion = "Xcode 13.0";
			developmentRegion = en;
			hasScannedForEncodings = 0;
			knownRegions = (
				en,
				Base,
			);
			mainGroup = 6177235A274284FE00169D3D;
			packageReferences = (
				61F609122BC310DD009BDC38 /* XCRemoteSwiftPackageReference "chesskit-engine" */,
				6106C2B82C1F7FE500D67A00 /* XCRemoteSwiftPackageReference "FilePicker" */,
			);
			productRefGroup = 6177236B274284FF00169D3D /* Products */;
			projectDirPath = "";
			projectRoot = "";
			targets = (
				6177236F274284FF00169D3D /* SwiftChess (macOS) */,
				619375D62BDE783D005A616D /* SwiftChessTests */,
			);
		};
/* End PBXProject section */

/* Begin PBXResourcesBuildPhase section */
		6177236E274284FF00169D3D /* Resources */ = {
			isa = PBXResourcesBuildPhase;
			buildActionMask = 2147483647;
			files = (
				61772394274284FF00169D3D /* Assets.xcassets in Resources */,
			);
			runOnlyForDeploymentPostprocessing = 0;
		};
		619375D52BDE783D005A616D /* Resources */ = {
			isa = PBXResourcesBuildPhase;
			buildActionMask = 2147483647;
			files = (
			);
			runOnlyForDeploymentPostprocessing = 0;
		};
/* End PBXResourcesBuildPhase section */

/* Begin PBXSourcesBuildPhase section */
		6177236C274284FF00169D3D /* Sources */ = {
			isa = PBXSourcesBuildPhase;
			buildActionMask = 2147483647;
			files = (
				61F609242BC7F553009BDC38 /* ChessEngine.swift in Sources */,
				61F609232BC7F52C009BDC38 /* EngineLine.swift in Sources */,
				61B32F622B9CC5D700790CF7 /* Position.swift in Sources */,
				61FA7FC22BA52A37002CA3D2 /* FenParser.swift in Sources */,
				61B32F5F2B9A873500790CF7 /* ValidationError.swift in Sources */,
				61FA7FC52BA52AAF002CA3D2 /* FenBuilder.swift in Sources */,
				61B0B4422B94F8850085DB48 /* Rook.swift in Sources */,
				61EA625D2BA7988B009A0300 /* ResultView.swift in Sources */,
				614C6C042C1A53D000B4F930 /* VariationView.swift in Sources */,
				61B32F5A2B9A53DB00790CF7 /* Field.swift in Sources */,
				619B65812C1DF68000C44FC9 /* PgnRegex.swift in Sources */,
				618D83C52BC17E0100583944 /* MoveView.swift in Sources */,
				614C6BF82C15EBC700B4F930 /* MoveListModel.swift in Sources */,
				61F35D0C2C5691830087956C /* HistoryFactory.swift in Sources */,
				61B0B4482B94F92E0085DB48 /* King.swift in Sources */,
				61EA62662BAA0ACC009A0300 /* PromotionChooseView.swift in Sources */,
				61EA62602BA8FDA3009A0300 /* ResultModel.swift in Sources */,
				61B0B43C2B94F5F20085DB48 /* Pawn.swift in Sources */,
				618D83CC2BC18C9900583944 /* ControlModel.swift in Sources */,
				61A919252BA1F83E00AD371E /* MoveFactory.swift in Sources */,
				616D3E482BA464D8002D78EE /* GameState.swift in Sources */,
				61B0B4572B95F4E00085DB48 /* Figure.swift in Sources */,
				61F6090F2BC30F5F009BDC38 /* EngineView.swift in Sources */,
				6177238E274284FF00169D3D /* SwiftChessApp.swift in Sources */,
				614643FC2C31C1C70041E1BE /* PgnGame.swift in Sources */,
				618D83C12BC178FF00583944 /* ControlView.swift in Sources */,
				614643FE2C31D1540041E1BE /* PgnGameParser.swift in Sources */,
				618D16A22C14FCA100D70B01 /* MoveModel.swift in Sources */,
				616BA6AF2C287E3B0015D3CD /* PgnMovesParser.swift in Sources */,
				614FFC6E277786560082F892 /* Move.swift in Sources */,
				6100737B2C28918D009B2527 /* NotationFactory.swift in Sources */,
				61812E222767F0A900616866 /* FigureModel.swift in Sources */,
				61EA625A2BA7452F009A0300 /* PositionFactory.swift in Sources */,
				61ED578C2C4BDC3300302C92 /* GamesView.swift in Sources */,
				61B0B4452B94F8DB0085DB48 /* Queen.swift in Sources */,
				61DB83C52C55C60800E2BAC4 /* MoveHistory.swift in Sources */,
				61F35D0A2C55D7E50087956C /* MoveStructure.swift in Sources */,
				61EA62692BAA0ED2009A0300 /* FigureView.swift in Sources */,
				61B0B4512B95DEB00085DB48 /* ChessBoard.swift in Sources */,
				614C6C022C1A527800B4F930 /* RowView.swift in Sources */,
				6157321D2BA5F21E0048EDDF /* PgnParser.swift in Sources */,
				61F163EE2B9D165200C48BAC /* ChessFigure.swift in Sources */,
				613B4AD92C4D416C007736D7 /* StructureFactory.swift in Sources */,
				61812E2C2768078E00616866 /* PieceType.swift in Sources */,
				61F6090B2BC30775009BDC38 /* BoardNavigationView.swift in Sources */,
				61812E252767F42000616866 /* BoardModel.swift in Sources */,
				61812E2F276807E600616866 /* PieceColor.swift in Sources */,
				61B0B4542B95E1A90085DB48 /* MoveType.swift in Sources */,
				61F609182BC33C26009BDC38 /* LanParser.swift in Sources */,
				617723A82742ABB800169D3D /* BoardFigureView.swift in Sources */,
				617723A527429C9300169D3D /* BoardBackgroundView.swift in Sources */,
				614C6BFC2C18A04100B4F930 /* MovePairModel.swift in Sources */,
				61F609052BC208B1009BDC38 /* ControlButtonView.swift in Sources */,
				61F609082BC20C1B009BDC38 /* MoveListView.swift in Sources */,
				61B0B44B2B94FAE60085DB48 /* Knight.swift in Sources */,
				61B0B43F2B94F80F0085DB48 /* Bishop.swift in Sources */,
				619B657F2C1DF59D00C44FC9 /* PgnMove.swift in Sources */,
				614FFC6B277780130082F892 /* MoveIndicatorView.swift in Sources */,
				61F35D102C5814EF0087956C /* LineModel.swift in Sources */,
				61812E282767FDA900616866 /* BoardView.swift in Sources */,
				61772390274284FF00169D3D /* ContentView.swift in Sources */,
			);
			runOnlyForDeploymentPostprocessing = 0;
		};
		619375D32BDE783D005A616D /* Sources */ = {
			isa = PBXSourcesBuildPhase;
			buildActionMask = 2147483647;
			files = (
				619375E02BDE7873005A616D /* RawMovesTests.swift in Sources */,
				619375E12BDE7873005A616D /* FieldTest.swift in Sources */,
				619E5F112C53CF5F00803C61 /* StructureFactoryTests.swift in Sources */,
				619375E22BDE7873005A616D /* ChessTestBase.swift in Sources */,
				619375E32BDE7873005A616D /* MoveFactoryTests.swift in Sources */,
				619375E42BDE7873005A616D /* PositionTests.swift in Sources */,
				619375E52BDE7873005A616D /* NotationTests.swift in Sources */,
				61F35D082C55D4A80087956C /* MoveHistoryTests.swift in Sources */,
				614C6C002C19ACE300B4F930 /* MoveStructureTests.swift in Sources */,
				619375E62BDE7873005A616D /* GameStateTests.swift in Sources */,
				6156C4B22C4C5EBB000CEB63 /* PgnParserTests.swift in Sources */,
				619375E72BDE7873005A616D /* FenTests.swift in Sources */,
			);
			runOnlyForDeploymentPostprocessing = 0;
		};
/* End PBXSourcesBuildPhase section */

/* Begin PBXTargetDependency section */
		619375DC2BDE783D005A616D /* PBXTargetDependency */ = {
			isa = PBXTargetDependency;
			target = 6177236F274284FF00169D3D /* SwiftChess (macOS) */;
			targetProxy = 619375DB2BDE783D005A616D /* PBXContainerItemProxy */;
		};
		61F609112BC310B4009BDC38 /* PBXTargetDependency */ = {
			isa = PBXTargetDependency;
			productRef = 61F609102BC310B4009BDC38 /* ChessKitEngine */;
		};
/* End PBXTargetDependency section */

/* Begin XCBuildConfiguration section */
		61772395274284FF00169D3D /* Debug */ = {
			isa = XCBuildConfiguration;
			buildSettings = {
				ALWAYS_SEARCH_USER_PATHS = NO;
				ASSETCATALOG_COMPILER_GENERATE_SWIFT_ASSET_SYMBOL_EXTENSIONS = YES;
				CLANG_ANALYZER_NONNULL = YES;
				CLANG_ANALYZER_NUMBER_OBJECT_CONVERSION = YES_AGGRESSIVE;
				CLANG_CXX_LANGUAGE_STANDARD = "gnu++17";
				CLANG_CXX_LIBRARY = "libc++";
				CLANG_ENABLE_MODULES = YES;
				CLANG_ENABLE_OBJC_ARC = YES;
				CLANG_ENABLE_OBJC_WEAK = YES;
				CLANG_WARN_BLOCK_CAPTURE_AUTORELEASING = YES;
				CLANG_WARN_BOOL_CONVERSION = YES;
				CLANG_WARN_COMMA = YES;
				CLANG_WARN_CONSTANT_CONVERSION = YES;
				CLANG_WARN_DEPRECATED_OBJC_IMPLEMENTATIONS = YES;
				CLANG_WARN_DIRECT_OBJC_ISA_USAGE = YES_ERROR;
				CLANG_WARN_DOCUMENTATION_COMMENTS = YES;
				CLANG_WARN_EMPTY_BODY = YES;
				CLANG_WARN_ENUM_CONVERSION = YES;
				CLANG_WARN_INFINITE_RECURSION = YES;
				CLANG_WARN_INT_CONVERSION = YES;
				CLANG_WARN_NON_LITERAL_NULL_CONVERSION = YES;
				CLANG_WARN_OBJC_IMPLICIT_RETAIN_SELF = YES;
				CLANG_WARN_OBJC_LITERAL_CONVERSION = YES;
				CLANG_WARN_OBJC_ROOT_CLASS = YES_ERROR;
				CLANG_WARN_QUOTED_INCLUDE_IN_FRAMEWORK_HEADER = YES;
				CLANG_WARN_RANGE_LOOP_ANALYSIS = YES;
				CLANG_WARN_STRICT_PROTOTYPES = YES;
				CLANG_WARN_SUSPICIOUS_MOVE = YES;
				CLANG_WARN_UNGUARDED_AVAILABILITY = YES_AGGRESSIVE;
				CLANG_WARN_UNREACHABLE_CODE = YES;
				CLANG_WARN__DUPLICATE_METHOD_MATCH = YES;
				COPY_PHASE_STRIP = NO;
				DEAD_CODE_STRIPPING = YES;
				DEBUG_INFORMATION_FORMAT = dwarf;
				ENABLE_STRICT_OBJC_MSGSEND = YES;
				ENABLE_TESTABILITY = YES;
				ENABLE_USER_SCRIPT_SANDBOXING = YES;
				GCC_C_LANGUAGE_STANDARD = gnu11;
				GCC_DYNAMIC_NO_PIC = NO;
				GCC_NO_COMMON_BLOCKS = YES;
				GCC_OPTIMIZATION_LEVEL = 0;
				GCC_PREPROCESSOR_DEFINITIONS = (
					"DEBUG=1",
					"$(inherited)",
				);
				GCC_WARN_64_TO_32_BIT_CONVERSION = YES;
				GCC_WARN_ABOUT_RETURN_TYPE = YES_ERROR;
				GCC_WARN_UNDECLARED_SELECTOR = YES;
				GCC_WARN_UNINITIALIZED_AUTOS = YES_AGGRESSIVE;
				GCC_WARN_UNUSED_FUNCTION = YES;
				GCC_WARN_UNUSED_VARIABLE = YES;
				MTL_ENABLE_DEBUG_INFO = INCLUDE_SOURCE;
				MTL_FAST_MATH = YES;
				ONLY_ACTIVE_ARCH = YES;
				SWIFT_ACTIVE_COMPILATION_CONDITIONS = DEBUG;
				SWIFT_OPTIMIZATION_LEVEL = "-Onone";
			};
			name = Debug;
		};
		61772396274284FF00169D3D /* Release */ = {
			isa = XCBuildConfiguration;
			buildSettings = {
				ALWAYS_SEARCH_USER_PATHS = NO;
				ASSETCATALOG_COMPILER_GENERATE_SWIFT_ASSET_SYMBOL_EXTENSIONS = YES;
				CLANG_ANALYZER_NONNULL = YES;
				CLANG_ANALYZER_NUMBER_OBJECT_CONVERSION = YES_AGGRESSIVE;
				CLANG_CXX_LANGUAGE_STANDARD = "gnu++17";
				CLANG_CXX_LIBRARY = "libc++";
				CLANG_ENABLE_MODULES = YES;
				CLANG_ENABLE_OBJC_ARC = YES;
				CLANG_ENABLE_OBJC_WEAK = YES;
				CLANG_WARN_BLOCK_CAPTURE_AUTORELEASING = YES;
				CLANG_WARN_BOOL_CONVERSION = YES;
				CLANG_WARN_COMMA = YES;
				CLANG_WARN_CONSTANT_CONVERSION = YES;
				CLANG_WARN_DEPRECATED_OBJC_IMPLEMENTATIONS = YES;
				CLANG_WARN_DIRECT_OBJC_ISA_USAGE = YES_ERROR;
				CLANG_WARN_DOCUMENTATION_COMMENTS = YES;
				CLANG_WARN_EMPTY_BODY = YES;
				CLANG_WARN_ENUM_CONVERSION = YES;
				CLANG_WARN_INFINITE_RECURSION = YES;
				CLANG_WARN_INT_CONVERSION = YES;
				CLANG_WARN_NON_LITERAL_NULL_CONVERSION = YES;
				CLANG_WARN_OBJC_IMPLICIT_RETAIN_SELF = YES;
				CLANG_WARN_OBJC_LITERAL_CONVERSION = YES;
				CLANG_WARN_OBJC_ROOT_CLASS = YES_ERROR;
				CLANG_WARN_QUOTED_INCLUDE_IN_FRAMEWORK_HEADER = YES;
				CLANG_WARN_RANGE_LOOP_ANALYSIS = YES;
				CLANG_WARN_STRICT_PROTOTYPES = YES;
				CLANG_WARN_SUSPICIOUS_MOVE = YES;
				CLANG_WARN_UNGUARDED_AVAILABILITY = YES_AGGRESSIVE;
				CLANG_WARN_UNREACHABLE_CODE = YES;
				CLANG_WARN__DUPLICATE_METHOD_MATCH = YES;
				COPY_PHASE_STRIP = NO;
				DEAD_CODE_STRIPPING = YES;
				DEBUG_INFORMATION_FORMAT = "dwarf-with-dsym";
				ENABLE_NS_ASSERTIONS = NO;
				ENABLE_STRICT_OBJC_MSGSEND = YES;
				ENABLE_USER_SCRIPT_SANDBOXING = YES;
				GCC_C_LANGUAGE_STANDARD = gnu11;
				GCC_NO_COMMON_BLOCKS = YES;
				GCC_WARN_64_TO_32_BIT_CONVERSION = YES;
				GCC_WARN_ABOUT_RETURN_TYPE = YES_ERROR;
				GCC_WARN_UNDECLARED_SELECTOR = YES;
				GCC_WARN_UNINITIALIZED_AUTOS = YES_AGGRESSIVE;
				GCC_WARN_UNUSED_FUNCTION = YES;
				GCC_WARN_UNUSED_VARIABLE = YES;
				MTL_ENABLE_DEBUG_INFO = NO;
				MTL_FAST_MATH = YES;
				SWIFT_COMPILATION_MODE = wholemodule;
				SWIFT_OPTIMIZATION_LEVEL = "-O";
			};
			name = Release;
		};
		6177239B274284FF00169D3D /* Debug */ = {
			isa = XCBuildConfiguration;
			buildSettings = {
				ASSETCATALOG_COMPILER_APPICON_NAME = AppIcon;
				ASSETCATALOG_COMPILER_GLOBAL_ACCENT_COLOR_NAME = AccentColor;
				CODE_SIGN_ENTITLEMENTS = macOS/macOS.entitlements;
				CODE_SIGN_IDENTITY = "Apple Development";
				CODE_SIGN_STYLE = Automatic;
				COMBINE_HIDPI_IMAGES = YES;
				CURRENT_PROJECT_VERSION = 1;
				DEAD_CODE_STRIPPING = YES;
				DEVELOPMENT_TEAM = 4RQV64824E;
				ENABLE_HARDENED_RUNTIME = YES;
				ENABLE_PREVIEWS = YES;
				GENERATE_INFOPLIST_FILE = YES;
				INFOPLIST_KEY_NSHumanReadableCopyright = "";
				LD_RUNPATH_SEARCH_PATHS = (
					"$(inherited)",
					"@executable_path/../Frameworks",
				);
				MACOSX_DEPLOYMENT_TARGET = 14.0;
				MARKETING_VERSION = 1.0;
				PRODUCT_BUNDLE_IDENTIFIER = com.redshadow.SwiftChess;
				PRODUCT_NAME = SwiftChess;
				PROVISIONING_PROFILE_SPECIFIER = "";
				SDKROOT = macosx;
				SWIFT_EMIT_LOC_STRINGS = YES;
				SWIFT_VERSION = 5.0;
			};
			name = Debug;
		};
		6177239C274284FF00169D3D /* Release */ = {
			isa = XCBuildConfiguration;
			buildSettings = {
				ASSETCATALOG_COMPILER_APPICON_NAME = AppIcon;
				ASSETCATALOG_COMPILER_GLOBAL_ACCENT_COLOR_NAME = AccentColor;
				CODE_SIGN_ENTITLEMENTS = macOS/macOS.entitlements;
				CODE_SIGN_IDENTITY = "Apple Development";
				CODE_SIGN_STYLE = Automatic;
				COMBINE_HIDPI_IMAGES = YES;
				CURRENT_PROJECT_VERSION = 1;
				DEAD_CODE_STRIPPING = YES;
				DEVELOPMENT_TEAM = 4RQV64824E;
				ENABLE_HARDENED_RUNTIME = YES;
				ENABLE_PREVIEWS = YES;
				GENERATE_INFOPLIST_FILE = YES;
				INFOPLIST_KEY_NSHumanReadableCopyright = "";
				LD_RUNPATH_SEARCH_PATHS = (
					"$(inherited)",
					"@executable_path/../Frameworks",
				);
				MACOSX_DEPLOYMENT_TARGET = 14.0;
				MARKETING_VERSION = 1.0;
				PRODUCT_BUNDLE_IDENTIFIER = com.redshadow.SwiftChess;
				PRODUCT_NAME = SwiftChess;
				PROVISIONING_PROFILE_SPECIFIER = "";
				SDKROOT = macosx;
				SWIFT_EMIT_LOC_STRINGS = YES;
				SWIFT_VERSION = 5.0;
			};
			name = Release;
		};
		619375DD2BDE783D005A616D /* Debug */ = {
			isa = XCBuildConfiguration;
			buildSettings = {
				ASSETCATALOG_COMPILER_GENERATE_SWIFT_ASSET_SYMBOL_EXTENSIONS = YES;
				BUNDLE_LOADER = "$(TEST_HOST)";
				CLANG_CXX_LANGUAGE_STANDARD = "gnu++20";
				CODE_SIGN_STYLE = Automatic;
				CURRENT_PROJECT_VERSION = 1;
				DEVELOPMENT_TEAM = 4RQV64824E;
				GCC_C_LANGUAGE_STANDARD = gnu17;
				GENERATE_INFOPLIST_FILE = YES;
				IPHONEOS_DEPLOYMENT_TARGET = 17.4;
				LOCALIZATION_PREFERS_STRING_CATALOGS = YES;
				MACOSX_DEPLOYMENT_TARGET = 14.4;
				MARKETING_VERSION = 1.0;
				PRODUCT_BUNDLE_IDENTIFIER = com.redshadow.SwiftChessTests;
				PRODUCT_NAME = "$(TARGET_NAME)";
				SDKROOT = auto;
				SUPPORTED_PLATFORMS = "iphoneos iphonesimulator macosx";
				SWIFT_ACTIVE_COMPILATION_CONDITIONS = "DEBUG $(inherited)";
				SWIFT_EMIT_LOC_STRINGS = NO;
				SWIFT_VERSION = 5.0;
				TARGETED_DEVICE_FAMILY = "1,2";
				TEST_HOST = "$(BUILT_PRODUCTS_DIR)/SwiftChess.app/$(BUNDLE_EXECUTABLE_FOLDER_PATH)/SwiftChess";
			};
			name = Debug;
		};
		619375DE2BDE783D005A616D /* Release */ = {
			isa = XCBuildConfiguration;
			buildSettings = {
				ASSETCATALOG_COMPILER_GENERATE_SWIFT_ASSET_SYMBOL_EXTENSIONS = YES;
				BUNDLE_LOADER = "$(TEST_HOST)";
				CLANG_CXX_LANGUAGE_STANDARD = "gnu++20";
				CODE_SIGN_STYLE = Automatic;
				CURRENT_PROJECT_VERSION = 1;
				DEVELOPMENT_TEAM = 4RQV64824E;
				GCC_C_LANGUAGE_STANDARD = gnu17;
				GENERATE_INFOPLIST_FILE = YES;
				IPHONEOS_DEPLOYMENT_TARGET = 17.4;
				LOCALIZATION_PREFERS_STRING_CATALOGS = YES;
				MACOSX_DEPLOYMENT_TARGET = 14.4;
				MARKETING_VERSION = 1.0;
				PRODUCT_BUNDLE_IDENTIFIER = com.redshadow.SwiftChessTests;
				PRODUCT_NAME = "$(TARGET_NAME)";
				SDKROOT = auto;
				SUPPORTED_PLATFORMS = "iphoneos iphonesimulator macosx";
				SWIFT_EMIT_LOC_STRINGS = NO;
				SWIFT_VERSION = 5.0;
				TARGETED_DEVICE_FAMILY = "1,2";
				TEST_HOST = "$(BUILT_PRODUCTS_DIR)/SwiftChess.app/$(BUNDLE_EXECUTABLE_FOLDER_PATH)/SwiftChess";
			};
			name = Release;
		};
/* End XCBuildConfiguration section */

/* Begin XCConfigurationList section */
		6177235E274284FE00169D3D /* Build configuration list for PBXProject "SwiftChess" */ = {
			isa = XCConfigurationList;
			buildConfigurations = (
				61772395274284FF00169D3D /* Debug */,
				61772396274284FF00169D3D /* Release */,
			);
			defaultConfigurationIsVisible = 0;
			defaultConfigurationName = Release;
		};
		6177239A274284FF00169D3D /* Build configuration list for PBXNativeTarget "SwiftChess (macOS)" */ = {
			isa = XCConfigurationList;
			buildConfigurations = (
				6177239B274284FF00169D3D /* Debug */,
				6177239C274284FF00169D3D /* Release */,
			);
			defaultConfigurationIsVisible = 0;
			defaultConfigurationName = Release;
		};
		619375DF2BDE783D005A616D /* Build configuration list for PBXNativeTarget "SwiftChessTests" */ = {
			isa = XCConfigurationList;
			buildConfigurations = (
				619375DD2BDE783D005A616D /* Debug */,
				619375DE2BDE783D005A616D /* Release */,
			);
			defaultConfigurationIsVisible = 0;
			defaultConfigurationName = Release;
		};
/* End XCConfigurationList section */

/* Begin XCRemoteSwiftPackageReference section */
		6106C2B82C1F7FE500D67A00 /* XCRemoteSwiftPackageReference "FilePicker" */ = {
			isa = XCRemoteSwiftPackageReference;
			repositoryURL = "https://github.com/markrenaud/FilePicker";
			requirement = {
				kind = upToNextMajorVersion;
				minimumVersion = 1.0.1;
			};
		};
		61F6090C2BC30F27009BDC38 /* XCRemoteSwiftPackageReference "chesskit-engine" */ = {
			isa = XCRemoteSwiftPackageReference;
			repositoryURL = "https://github.com/chesskit-app/chesskit-engine";
			requirement = {
				kind = upToNextMajorVersion;
				minimumVersion = 0.3.0;
			};
		};
		61F609122BC310DD009BDC38 /* XCRemoteSwiftPackageReference "chesskit-engine" */ = {
			isa = XCRemoteSwiftPackageReference;
			repositoryURL = "https://github.com/chesskit-app/chesskit-engine";
			requirement = {
				kind = upToNextMajorVersion;
				minimumVersion = 0.3.0;
			};
		};
/* End XCRemoteSwiftPackageReference section */

/* Begin XCSwiftPackageProductDependency section */
		6106C2B92C1F800A00D67A00 /* FilePicker */ = {
			isa = XCSwiftPackageProductDependency;
			package = 6106C2B82C1F7FE500D67A00 /* XCRemoteSwiftPackageReference "FilePicker" */;
			productName = FilePicker;
		};
		61F609102BC310B4009BDC38 /* ChessKitEngine */ = {
			isa = XCSwiftPackageProductDependency;
			package = 61F6090C2BC30F27009BDC38 /* XCRemoteSwiftPackageReference "chesskit-engine" */;
			productName = ChessKitEngine;
		};
		61F609142BC333AF009BDC38 /* ChessKitEngine */ = {
			isa = XCSwiftPackageProductDependency;
			package = 61F609122BC310DD009BDC38 /* XCRemoteSwiftPackageReference "chesskit-engine" */;
			productName = ChessKitEngine;
		};
/* End XCSwiftPackageProductDependency section */
	};
	rootObject = 6177235B274284FE00169D3D /* Project object */;
}
