// !$*UTF8*$!
{
	archiveVersion = 1;
	classes = {
	};
	objectVersion = 55;
	objects = {

/* Begin PBXBuildFile section */
		614FFC6A277780130082F892 /* MoveIndicatorView.swift in Sources */ = {isa = PBXBuildFile; fileRef = 614FFC69277780130082F892 /* MoveIndicatorView.swift */; };
		614FFC6B277780130082F892 /* MoveIndicatorView.swift in Sources */ = {isa = PBXBuildFile; fileRef = 614FFC69277780130082F892 /* MoveIndicatorView.swift */; };
		614FFC6D277786560082F892 /* Move.swift in Sources */ = {isa = PBXBuildFile; fileRef = 614FFC6C277786560082F892 /* Move.swift */; };
		614FFC6E277786560082F892 /* Move.swift in Sources */ = {isa = PBXBuildFile; fileRef = 614FFC6C277786560082F892 /* Move.swift */; };
		616D3E412BA35241002D78EE /* PositionTests.swift in Sources */ = {isa = PBXBuildFile; fileRef = 616D3E402BA35241002D78EE /* PositionTests.swift */; };
		616D3E432BA352BF002D78EE /* NotationTests.swift in Sources */ = {isa = PBXBuildFile; fileRef = 616D3E422BA352BF002D78EE /* NotationTests.swift */; };
		616D3E472BA464D8002D78EE /* GameState.swift in Sources */ = {isa = PBXBuildFile; fileRef = 616D3E462BA464D8002D78EE /* GameState.swift */; };
		616D3E482BA464D8002D78EE /* GameState.swift in Sources */ = {isa = PBXBuildFile; fileRef = 616D3E462BA464D8002D78EE /* GameState.swift */; };
		616D3E4A2BA46683002D78EE /* GameStateTests.swift in Sources */ = {isa = PBXBuildFile; fileRef = 616D3E492BA46683002D78EE /* GameStateTests.swift */; };
		6177238D274284FF00169D3D /* SwiftChessApp.swift in Sources */ = {isa = PBXBuildFile; fileRef = 61772362274284FE00169D3D /* SwiftChessApp.swift */; };
		6177238E274284FF00169D3D /* SwiftChessApp.swift in Sources */ = {isa = PBXBuildFile; fileRef = 61772362274284FE00169D3D /* SwiftChessApp.swift */; };
		6177238F274284FF00169D3D /* ContentView.swift in Sources */ = {isa = PBXBuildFile; fileRef = 61772363274284FE00169D3D /* ContentView.swift */; };
		61772390274284FF00169D3D /* ContentView.swift in Sources */ = {isa = PBXBuildFile; fileRef = 61772363274284FE00169D3D /* ContentView.swift */; };
		61772393274284FF00169D3D /* Assets.xcassets in Resources */ = {isa = PBXBuildFile; fileRef = 61772365274284FF00169D3D /* Assets.xcassets */; };
		61772394274284FF00169D3D /* Assets.xcassets in Resources */ = {isa = PBXBuildFile; fileRef = 61772365274284FF00169D3D /* Assets.xcassets */; };
		617723A427429C9300169D3D /* BoardBackgroundView.swift in Sources */ = {isa = PBXBuildFile; fileRef = 617723A327429C9300169D3D /* BoardBackgroundView.swift */; };
		617723A527429C9300169D3D /* BoardBackgroundView.swift in Sources */ = {isa = PBXBuildFile; fileRef = 617723A327429C9300169D3D /* BoardBackgroundView.swift */; };
		617723A72742ABB800169D3D /* FigureView.swift in Sources */ = {isa = PBXBuildFile; fileRef = 617723A62742ABB800169D3D /* FigureView.swift */; };
		617723A82742ABB800169D3D /* FigureView.swift in Sources */ = {isa = PBXBuildFile; fileRef = 617723A62742ABB800169D3D /* FigureView.swift */; };
		61812E212767F0A900616866 /* FigureModel.swift in Sources */ = {isa = PBXBuildFile; fileRef = 61812E202767F0A900616866 /* FigureModel.swift */; };
		61812E222767F0A900616866 /* FigureModel.swift in Sources */ = {isa = PBXBuildFile; fileRef = 61812E202767F0A900616866 /* FigureModel.swift */; };
		61812E242767F42000616866 /* BoardModel.swift in Sources */ = {isa = PBXBuildFile; fileRef = 61812E232767F42000616866 /* BoardModel.swift */; };
		61812E252767F42000616866 /* BoardModel.swift in Sources */ = {isa = PBXBuildFile; fileRef = 61812E232767F42000616866 /* BoardModel.swift */; };
		61812E272767FDA900616866 /* BoardView.swift in Sources */ = {isa = PBXBuildFile; fileRef = 61812E262767FDA900616866 /* BoardView.swift */; };
		61812E282767FDA900616866 /* BoardView.swift in Sources */ = {isa = PBXBuildFile; fileRef = 61812E262767FDA900616866 /* BoardView.swift */; };
		61812E2B2768078E00616866 /* PieceType.swift in Sources */ = {isa = PBXBuildFile; fileRef = 61812E2A2768078E00616866 /* PieceType.swift */; };
		61812E2C2768078E00616866 /* PieceType.swift in Sources */ = {isa = PBXBuildFile; fileRef = 61812E2A2768078E00616866 /* PieceType.swift */; };
		61812E2E276807E600616866 /* PieceColor.swift in Sources */ = {isa = PBXBuildFile; fileRef = 61812E2D276807E600616866 /* PieceColor.swift */; };
		61812E2F276807E600616866 /* PieceColor.swift in Sources */ = {isa = PBXBuildFile; fileRef = 61812E2D276807E600616866 /* PieceColor.swift */; };
		61812E3227681DFC00616866 /* Fen.swift in Sources */ = {isa = PBXBuildFile; fileRef = 61812E3127681DFC00616866 /* Fen.swift */; };
		61812E3327681DFC00616866 /* Fen.swift in Sources */ = {isa = PBXBuildFile; fileRef = 61812E3127681DFC00616866 /* Fen.swift */; };
		61812E3527681E8100616866 /* Position.swift in Sources */ = {isa = PBXBuildFile; fileRef = 61812E3427681E8100616866 /* Position.swift */; };
		61812E3627681E8100616866 /* Position.swift in Sources */ = {isa = PBXBuildFile; fileRef = 61812E3427681E8100616866 /* Position.swift */; };
		61A919242BA1F83E00AD371E /* MoveFactory.swift in Sources */ = {isa = PBXBuildFile; fileRef = 61A919232BA1F83E00AD371E /* MoveFactory.swift */; };
		61A919252BA1F83E00AD371E /* MoveFactory.swift in Sources */ = {isa = PBXBuildFile; fileRef = 61A919232BA1F83E00AD371E /* MoveFactory.swift */; };
		61A919272BA1F8ED00AD371E /* MoveFactoryTests.swift in Sources */ = {isa = PBXBuildFile; fileRef = 61A919262BA1F8ED00AD371E /* MoveFactoryTests.swift */; };
		61B0B43B2B94F5F20085DB48 /* Pawn.swift in Sources */ = {isa = PBXBuildFile; fileRef = 61B0B43A2B94F5F20085DB48 /* Pawn.swift */; };
		61B0B43C2B94F5F20085DB48 /* Pawn.swift in Sources */ = {isa = PBXBuildFile; fileRef = 61B0B43A2B94F5F20085DB48 /* Pawn.swift */; };
		61B0B43E2B94F80F0085DB48 /* Bishop.swift in Sources */ = {isa = PBXBuildFile; fileRef = 61B0B43D2B94F80F0085DB48 /* Bishop.swift */; };
		61B0B43F2B94F80F0085DB48 /* Bishop.swift in Sources */ = {isa = PBXBuildFile; fileRef = 61B0B43D2B94F80F0085DB48 /* Bishop.swift */; };
		61B0B4412B94F8850085DB48 /* Rook.swift in Sources */ = {isa = PBXBuildFile; fileRef = 61B0B4402B94F8850085DB48 /* Rook.swift */; };
		61B0B4422B94F8850085DB48 /* Rook.swift in Sources */ = {isa = PBXBuildFile; fileRef = 61B0B4402B94F8850085DB48 /* Rook.swift */; };
		61B0B4442B94F8DB0085DB48 /* Queen.swift in Sources */ = {isa = PBXBuildFile; fileRef = 61B0B4432B94F8DB0085DB48 /* Queen.swift */; };
		61B0B4452B94F8DB0085DB48 /* Queen.swift in Sources */ = {isa = PBXBuildFile; fileRef = 61B0B4432B94F8DB0085DB48 /* Queen.swift */; };
		61B0B4472B94F92E0085DB48 /* King.swift in Sources */ = {isa = PBXBuildFile; fileRef = 61B0B4462B94F92E0085DB48 /* King.swift */; };
		61B0B4482B94F92E0085DB48 /* King.swift in Sources */ = {isa = PBXBuildFile; fileRef = 61B0B4462B94F92E0085DB48 /* King.swift */; };
		61B0B44A2B94FAE60085DB48 /* Knight.swift in Sources */ = {isa = PBXBuildFile; fileRef = 61B0B4492B94FAE60085DB48 /* Knight.swift */; };
		61B0B44B2B94FAE60085DB48 /* Knight.swift in Sources */ = {isa = PBXBuildFile; fileRef = 61B0B4492B94FAE60085DB48 /* Knight.swift */; };
		61B0B4502B95DEB00085DB48 /* ChessBoard.swift in Sources */ = {isa = PBXBuildFile; fileRef = 61B0B44F2B95DEB00085DB48 /* ChessBoard.swift */; };
		61B0B4512B95DEB00085DB48 /* ChessBoard.swift in Sources */ = {isa = PBXBuildFile; fileRef = 61B0B44F2B95DEB00085DB48 /* ChessBoard.swift */; };
		61B0B4532B95E1A90085DB48 /* MoveType.swift in Sources */ = {isa = PBXBuildFile; fileRef = 61B0B4522B95E1A90085DB48 /* MoveType.swift */; };
		61B0B4542B95E1A90085DB48 /* MoveType.swift in Sources */ = {isa = PBXBuildFile; fileRef = 61B0B4522B95E1A90085DB48 /* MoveType.swift */; };
		61B0B4562B95F4E00085DB48 /* Figure.swift in Sources */ = {isa = PBXBuildFile; fileRef = 61B0B4552B95F4E00085DB48 /* Figure.swift */; };
		61B0B4572B95F4E00085DB48 /* Figure.swift in Sources */ = {isa = PBXBuildFile; fileRef = 61B0B4552B95F4E00085DB48 /* Figure.swift */; };
		61B32F562B99F1F300790CF7 /* RawMovesTests.swift in Sources */ = {isa = PBXBuildFile; fileRef = 61AE78222B991AAD008F56F8 /* RawMovesTests.swift */; };
		61B32F572B99F1F800790CF7 /* FieldTest.swift in Sources */ = {isa = PBXBuildFile; fileRef = 61AE782F2B99ED07008F56F8 /* FieldTest.swift */; };
		61B32F592B9A53DB00790CF7 /* Field.swift in Sources */ = {isa = PBXBuildFile; fileRef = 61B32F582B9A53DB00790CF7 /* Field.swift */; };
		61B32F5A2B9A53DB00790CF7 /* Field.swift in Sources */ = {isa = PBXBuildFile; fileRef = 61B32F582B9A53DB00790CF7 /* Field.swift */; };
		61B32F5C2B9A7D7E00790CF7 /* ChessTestBase.swift in Sources */ = {isa = PBXBuildFile; fileRef = 61B32F5B2B9A7D7E00790CF7 /* ChessTestBase.swift */; };
		61B32F5F2B9A873500790CF7 /* ValidationError.swift in Sources */ = {isa = PBXBuildFile; fileRef = 61B32F5D2B9A86BC00790CF7 /* ValidationError.swift */; };
		61B32F612B9CC5D700790CF7 /* BoardCache.swift in Sources */ = {isa = PBXBuildFile; fileRef = 61B32F602B9CC5D700790CF7 /* BoardCache.swift */; };
		61B32F622B9CC5D700790CF7 /* BoardCache.swift in Sources */ = {isa = PBXBuildFile; fileRef = 61B32F602B9CC5D700790CF7 /* BoardCache.swift */; };
		61F163ED2B9D165200C48BAC /* ChessFigure.swift in Sources */ = {isa = PBXBuildFile; fileRef = 61F163EC2B9D165200C48BAC /* ChessFigure.swift */; };
		61F163EE2B9D165200C48BAC /* ChessFigure.swift in Sources */ = {isa = PBXBuildFile; fileRef = 61F163EC2B9D165200C48BAC /* ChessFigure.swift */; };
/* End PBXBuildFile section */

/* Begin PBXContainerItemProxy section */
		61AE78242B991AAD008F56F8 /* PBXContainerItemProxy */ = {
			isa = PBXContainerItemProxy;
			containerPortal = 6177235B274284FE00169D3D /* Project object */;
			proxyType = 1;
			remoteGlobalIDString = 6177236F274284FF00169D3D;
			remoteInfo = "SwiftChess (macOS)";
		};
/* End PBXContainerItemProxy section */

/* Begin PBXFileReference section */
		614FFC69277780130082F892 /* MoveIndicatorView.swift */ = {isa = PBXFileReference; lastKnownFileType = sourcecode.swift; path = MoveIndicatorView.swift; sourceTree = "<group>"; };
		614FFC6C277786560082F892 /* Move.swift */ = {isa = PBXFileReference; lastKnownFileType = sourcecode.swift; path = Move.swift; sourceTree = "<group>"; };
		616D3E402BA35241002D78EE /* PositionTests.swift */ = {isa = PBXFileReference; lastKnownFileType = sourcecode.swift; path = PositionTests.swift; sourceTree = "<group>"; };
		616D3E422BA352BF002D78EE /* NotationTests.swift */ = {isa = PBXFileReference; lastKnownFileType = sourcecode.swift; path = NotationTests.swift; sourceTree = "<group>"; };
		616D3E462BA464D8002D78EE /* GameState.swift */ = {isa = PBXFileReference; lastKnownFileType = sourcecode.swift; path = GameState.swift; sourceTree = "<group>"; };
		616D3E492BA46683002D78EE /* GameStateTests.swift */ = {isa = PBXFileReference; lastKnownFileType = sourcecode.swift; path = GameStateTests.swift; sourceTree = "<group>"; };
		61772362274284FE00169D3D /* SwiftChessApp.swift */ = {isa = PBXFileReference; lastKnownFileType = sourcecode.swift; path = SwiftChessApp.swift; sourceTree = "<group>"; };
		61772363274284FE00169D3D /* ContentView.swift */ = {isa = PBXFileReference; lastKnownFileType = sourcecode.swift; path = ContentView.swift; sourceTree = "<group>"; };
		61772365274284FF00169D3D /* Assets.xcassets */ = {isa = PBXFileReference; lastKnownFileType = folder.assetcatalog; path = Assets.xcassets; sourceTree = "<group>"; };
		6177236A274284FF00169D3D /* SwiftChess.app */ = {isa = PBXFileReference; explicitFileType = wrapper.application; includeInIndex = 0; path = SwiftChess.app; sourceTree = BUILT_PRODUCTS_DIR; };
		61772370274284FF00169D3D /* SwiftChess.app */ = {isa = PBXFileReference; explicitFileType = wrapper.application; includeInIndex = 0; path = SwiftChess.app; sourceTree = BUILT_PRODUCTS_DIR; };
		61772372274284FF00169D3D /* macOS.entitlements */ = {isa = PBXFileReference; lastKnownFileType = text.plist.entitlements; path = macOS.entitlements; sourceTree = "<group>"; };
		617723A327429C9300169D3D /* BoardBackgroundView.swift */ = {isa = PBXFileReference; lastKnownFileType = sourcecode.swift; path = BoardBackgroundView.swift; sourceTree = "<group>"; };
		617723A62742ABB800169D3D /* FigureView.swift */ = {isa = PBXFileReference; lastKnownFileType = sourcecode.swift; path = FigureView.swift; sourceTree = "<group>"; };
		61812E202767F0A900616866 /* FigureModel.swift */ = {isa = PBXFileReference; lastKnownFileType = sourcecode.swift; path = FigureModel.swift; sourceTree = "<group>"; };
		61812E232767F42000616866 /* BoardModel.swift */ = {isa = PBXFileReference; lastKnownFileType = sourcecode.swift; path = BoardModel.swift; sourceTree = "<group>"; };
		61812E262767FDA900616866 /* BoardView.swift */ = {isa = PBXFileReference; lastKnownFileType = sourcecode.swift; path = BoardView.swift; sourceTree = "<group>"; };
		61812E2A2768078E00616866 /* PieceType.swift */ = {isa = PBXFileReference; lastKnownFileType = sourcecode.swift; path = PieceType.swift; sourceTree = "<group>"; };
		61812E2D276807E600616866 /* PieceColor.swift */ = {isa = PBXFileReference; lastKnownFileType = sourcecode.swift; path = PieceColor.swift; sourceTree = "<group>"; };
		61812E3127681DFC00616866 /* Fen.swift */ = {isa = PBXFileReference; lastKnownFileType = sourcecode.swift; path = Fen.swift; sourceTree = "<group>"; };
		61812E3427681E8100616866 /* Position.swift */ = {isa = PBXFileReference; lastKnownFileType = sourcecode.swift; path = Position.swift; sourceTree = "<group>"; };
		61A919232BA1F83E00AD371E /* MoveFactory.swift */ = {isa = PBXFileReference; lastKnownFileType = sourcecode.swift; path = MoveFactory.swift; sourceTree = "<group>"; };
		61A919262BA1F8ED00AD371E /* MoveFactoryTests.swift */ = {isa = PBXFileReference; lastKnownFileType = sourcecode.swift; path = MoveFactoryTests.swift; sourceTree = "<group>"; };
		61AE78202B991AAD008F56F8 /* SwiftChessTests.xctest */ = {isa = PBXFileReference; explicitFileType = wrapper.cfbundle; includeInIndex = 0; path = SwiftChessTests.xctest; sourceTree = BUILT_PRODUCTS_DIR; };
		61AE78222B991AAD008F56F8 /* RawMovesTests.swift */ = {isa = PBXFileReference; lastKnownFileType = sourcecode.swift; path = RawMovesTests.swift; sourceTree = "<group>"; };
		61AE78292B991BE8008F56F8 /* SwiftChess (macOS).xctestplan */ = {isa = PBXFileReference; lastKnownFileType = text; path = "SwiftChess (macOS).xctestplan"; sourceTree = "<group>"; };
		61AE782F2B99ED07008F56F8 /* FieldTest.swift */ = {isa = PBXFileReference; lastKnownFileType = sourcecode.swift; path = FieldTest.swift; sourceTree = "<group>"; };
		61B0B43A2B94F5F20085DB48 /* Pawn.swift */ = {isa = PBXFileReference; lastKnownFileType = sourcecode.swift; path = Pawn.swift; sourceTree = "<group>"; };
		61B0B43D2B94F80F0085DB48 /* Bishop.swift */ = {isa = PBXFileReference; lastKnownFileType = sourcecode.swift; path = Bishop.swift; sourceTree = "<group>"; };
		61B0B4402B94F8850085DB48 /* Rook.swift */ = {isa = PBXFileReference; lastKnownFileType = sourcecode.swift; path = Rook.swift; sourceTree = "<group>"; };
		61B0B4432B94F8DB0085DB48 /* Queen.swift */ = {isa = PBXFileReference; lastKnownFileType = sourcecode.swift; path = Queen.swift; sourceTree = "<group>"; };
		61B0B4462B94F92E0085DB48 /* King.swift */ = {isa = PBXFileReference; lastKnownFileType = sourcecode.swift; path = King.swift; sourceTree = "<group>"; };
		61B0B4492B94FAE60085DB48 /* Knight.swift */ = {isa = PBXFileReference; lastKnownFileType = sourcecode.swift; path = Knight.swift; sourceTree = "<group>"; };
		61B0B44F2B95DEB00085DB48 /* ChessBoard.swift */ = {isa = PBXFileReference; lastKnownFileType = sourcecode.swift; path = ChessBoard.swift; sourceTree = "<group>"; };
		61B0B4522B95E1A90085DB48 /* MoveType.swift */ = {isa = PBXFileReference; lastKnownFileType = sourcecode.swift; path = MoveType.swift; sourceTree = "<group>"; };
		61B0B4552B95F4E00085DB48 /* Figure.swift */ = {isa = PBXFileReference; lastKnownFileType = sourcecode.swift; path = Figure.swift; sourceTree = "<group>"; };
		61B32F582B9A53DB00790CF7 /* Field.swift */ = {isa = PBXFileReference; lastKnownFileType = sourcecode.swift; path = Field.swift; sourceTree = "<group>"; };
		61B32F5B2B9A7D7E00790CF7 /* ChessTestBase.swift */ = {isa = PBXFileReference; lastKnownFileType = sourcecode.swift; path = ChessTestBase.swift; sourceTree = "<group>"; };
		61B32F5D2B9A86BC00790CF7 /* ValidationError.swift */ = {isa = PBXFileReference; lastKnownFileType = sourcecode.swift; path = ValidationError.swift; sourceTree = "<group>"; };
		61B32F602B9CC5D700790CF7 /* BoardCache.swift */ = {isa = PBXFileReference; lastKnownFileType = sourcecode.swift; path = BoardCache.swift; sourceTree = "<group>"; };
		61F163EC2B9D165200C48BAC /* ChessFigure.swift */ = {isa = PBXFileReference; lastKnownFileType = sourcecode.swift; path = ChessFigure.swift; sourceTree = "<group>"; };
/* End PBXFileReference section */

/* Begin PBXFrameworksBuildPhase section */
		61772367274284FF00169D3D /* Frameworks */ = {
			isa = PBXFrameworksBuildPhase;
			buildActionMask = 2147483647;
			files = (
			);
			runOnlyForDeploymentPostprocessing = 0;
		};
		6177236D274284FF00169D3D /* Frameworks */ = {
			isa = PBXFrameworksBuildPhase;
			buildActionMask = 2147483647;
			files = (
			);
			runOnlyForDeploymentPostprocessing = 0;
		};
		61AE781D2B991AAD008F56F8 /* Frameworks */ = {
			isa = PBXFrameworksBuildPhase;
			buildActionMask = 2147483647;
			files = (
			);
			runOnlyForDeploymentPostprocessing = 0;
		};
/* End PBXFrameworksBuildPhase section */

/* Begin PBXGroup section */
		6177235A274284FE00169D3D = {
			isa = PBXGroup;
			children = (
				61AE78292B991BE8008F56F8 /* SwiftChess (macOS).xctestplan */,
				6177235F274284FE00169D3D /* Shared */,
				61772371274284FF00169D3D /* macOS */,
				61AE78212B991AAD008F56F8 /* SwiftChessTests */,
				6177236B274284FF00169D3D /* Products */,
			);
			sourceTree = "<group>";
		};
		6177235F274284FE00169D3D /* Shared */ = {
			isa = PBXGroup;
			children = (
				61B0B44C2B95D7160085DB48 /* Domain */,
				61812E3027681DE400616866 /* Helper */,
				61812E292768077900616866 /* Enums */,
				61812E1F2767F09400616866 /* Models */,
				617723A92742AC7400169D3D /* Views */,
				61772362274284FE00169D3D /* SwiftChessApp.swift */,
				61772363274284FE00169D3D /* ContentView.swift */,
				61772365274284FF00169D3D /* Assets.xcassets */,
			);
			path = Shared;
			sourceTree = "<group>";
		};
		6177236B274284FF00169D3D /* Products */ = {
			isa = PBXGroup;
			children = (
				6177236A274284FF00169D3D /* SwiftChess.app */,
				61772370274284FF00169D3D /* SwiftChess.app */,
				61AE78202B991AAD008F56F8 /* SwiftChessTests.xctest */,
			);
			name = Products;
			sourceTree = "<group>";
		};
		61772371274284FF00169D3D /* macOS */ = {
			isa = PBXGroup;
			children = (
				61772372274284FF00169D3D /* macOS.entitlements */,
			);
			path = macOS;
			sourceTree = "<group>";
		};
		617723A92742AC7400169D3D /* Views */ = {
			isa = PBXGroup;
			children = (
				617723A327429C9300169D3D /* BoardBackgroundView.swift */,
				617723A62742ABB800169D3D /* FigureView.swift */,
				61812E262767FDA900616866 /* BoardView.swift */,
				614FFC69277780130082F892 /* MoveIndicatorView.swift */,
			);
			path = Views;
			sourceTree = "<group>";
		};
		61812E1F2767F09400616866 /* Models */ = {
			isa = PBXGroup;
			children = (
				61812E202767F0A900616866 /* FigureModel.swift */,
				61812E232767F42000616866 /* BoardModel.swift */,
			);
			path = Models;
			sourceTree = "<group>";
		};
		61812E292768077900616866 /* Enums */ = {
			isa = PBXGroup;
			children = (
				61812E2A2768078E00616866 /* PieceType.swift */,
				61812E2D276807E600616866 /* PieceColor.swift */,
				61B0B4522B95E1A90085DB48 /* MoveType.swift */,
				61B32F5D2B9A86BC00790CF7 /* ValidationError.swift */,
				616D3E462BA464D8002D78EE /* GameState.swift */,
			);
			path = Enums;
			sourceTree = "<group>";
		};
		61812E3027681DE400616866 /* Helper */ = {
			isa = PBXGroup;
			children = (
				61812E3427681E8100616866 /* Position.swift */,
				61812E3127681DFC00616866 /* Fen.swift */,
				61A919232BA1F83E00AD371E /* MoveFactory.swift */,
			);
			path = Helper;
			sourceTree = "<group>";
		};
		61AE78212B991AAD008F56F8 /* SwiftChessTests */ = {
			isa = PBXGroup;
			children = (
				61AE78222B991AAD008F56F8 /* RawMovesTests.swift */,
				61AE782F2B99ED07008F56F8 /* FieldTest.swift */,
				61B32F5B2B9A7D7E00790CF7 /* ChessTestBase.swift */,
				61A919262BA1F8ED00AD371E /* MoveFactoryTests.swift */,
				616D3E402BA35241002D78EE /* PositionTests.swift */,
				616D3E422BA352BF002D78EE /* NotationTests.swift */,
				616D3E492BA46683002D78EE /* GameStateTests.swift */,
			);
			path = SwiftChessTests;
			sourceTree = "<group>";
		};
		61B0B44C2B95D7160085DB48 /* Domain */ = {
			isa = PBXGroup;
			children = (
				61B32F602B9CC5D700790CF7 /* BoardCache.swift */,
				61B0B43A2B94F5F20085DB48 /* Pawn.swift */,
				61B0B43D2B94F80F0085DB48 /* Bishop.swift */,
				61B0B4402B94F8850085DB48 /* Rook.swift */,
				61B0B4432B94F8DB0085DB48 /* Queen.swift */,
				61B0B4462B94F92E0085DB48 /* King.swift */,
				61B0B4492B94FAE60085DB48 /* Knight.swift */,
				614FFC6C277786560082F892 /* Move.swift */,
				61B0B44F2B95DEB00085DB48 /* ChessBoard.swift */,
				61B0B4552B95F4E00085DB48 /* Figure.swift */,
				61B32F582B9A53DB00790CF7 /* Field.swift */,
				61F163EC2B9D165200C48BAC /* ChessFigure.swift */,
			);
			path = Domain;
			sourceTree = "<group>";
		};
/* End PBXGroup section */

/* Begin PBXNativeTarget section */
		61772369274284FF00169D3D /* SwiftChess (iOS) */ = {
			isa = PBXNativeTarget;
			buildConfigurationList = 61772397274284FF00169D3D /* Build configuration list for PBXNativeTarget "SwiftChess (iOS)" */;
			buildPhases = (
				61772366274284FF00169D3D /* Sources */,
				61772367274284FF00169D3D /* Frameworks */,
				61772368274284FF00169D3D /* Resources */,
			);
			buildRules = (
			);
			dependencies = (
			);
			name = "SwiftChess (iOS)";
			productName = "SwiftChess (iOS)";
			productReference = 6177236A274284FF00169D3D /* SwiftChess.app */;
			productType = "com.apple.product-type.application";
		};
		6177236F274284FF00169D3D /* SwiftChess (macOS) */ = {
			isa = PBXNativeTarget;
			buildConfigurationList = 6177239A274284FF00169D3D /* Build configuration list for PBXNativeTarget "SwiftChess (macOS)" */;
			buildPhases = (
				6177236C274284FF00169D3D /* Sources */,
				6177236D274284FF00169D3D /* Frameworks */,
				6177236E274284FF00169D3D /* Resources */,
			);
			buildRules = (
			);
			dependencies = (
			);
			name = "SwiftChess (macOS)";
			productName = "SwiftChess (macOS)";
			productReference = 61772370274284FF00169D3D /* SwiftChess.app */;
			productType = "com.apple.product-type.application";
		};
		61AE781F2B991AAD008F56F8 /* SwiftChessTests */ = {
			isa = PBXNativeTarget;
			buildConfigurationList = 61AE78262B991AAD008F56F8 /* Build configuration list for PBXNativeTarget "SwiftChessTests" */;
			buildPhases = (
				61AE781C2B991AAD008F56F8 /* Sources */,
				61AE781D2B991AAD008F56F8 /* Frameworks */,
				61AE781E2B991AAD008F56F8 /* Resources */,
			);
			buildRules = (
			);
			dependencies = (
				61AE78252B991AAD008F56F8 /* PBXTargetDependency */,
			);
			name = SwiftChessTests;
			productName = SwiftChessTests;
			productReference = 61AE78202B991AAD008F56F8 /* SwiftChessTests.xctest */;
			productType = "com.apple.product-type.bundle.unit-test";
		};
/* End PBXNativeTarget section */

/* Begin PBXProject section */
		6177235B274284FE00169D3D /* Project object */ = {
			isa = PBXProject;
			attributes = {
				BuildIndependentTargetsInParallel = 1;
				LastSwiftUpdateCheck = 1530;
				LastUpgradeCheck = 1530;
				TargetAttributes = {
					61772369274284FF00169D3D = {
						CreatedOnToolsVersion = 13.1;
					};
					6177236F274284FF00169D3D = {
						CreatedOnToolsVersion = 13.1;
					};
					61AE781F2B991AAD008F56F8 = {
						CreatedOnToolsVersion = 15.3;
						TestTargetID = 6177236F274284FF00169D3D;
					};
				};
			};
			buildConfigurationList = 6177235E274284FE00169D3D /* Build configuration list for PBXProject "SwiftChess" */;
			compatibilityVersion = "Xcode 13.0";
			developmentRegion = en;
			hasScannedForEncodings = 0;
			knownRegions = (
				en,
				Base,
			);
			mainGroup = 6177235A274284FE00169D3D;
			productRefGroup = 6177236B274284FF00169D3D /* Products */;
			projectDirPath = "";
			projectRoot = "";
			targets = (
				61772369274284FF00169D3D /* SwiftChess (iOS) */,
				6177236F274284FF00169D3D /* SwiftChess (macOS) */,
				61AE781F2B991AAD008F56F8 /* SwiftChessTests */,
			);
		};
/* End PBXProject section */

/* Begin PBXResourcesBuildPhase section */
		61772368274284FF00169D3D /* Resources */ = {
			isa = PBXResourcesBuildPhase;
			buildActionMask = 2147483647;
			files = (
				61772393274284FF00169D3D /* Assets.xcassets in Resources */,
			);
			runOnlyForDeploymentPostprocessing = 0;
		};
		6177236E274284FF00169D3D /* Resources */ = {
			isa = PBXResourcesBuildPhase;
			buildActionMask = 2147483647;
			files = (
				61772394274284FF00169D3D /* Assets.xcassets in Resources */,
			);
			runOnlyForDeploymentPostprocessing = 0;
		};
		61AE781E2B991AAD008F56F8 /* Resources */ = {
			isa = PBXResourcesBuildPhase;
			buildActionMask = 2147483647;
			files = (
			);
			runOnlyForDeploymentPostprocessing = 0;
		};
/* End PBXResourcesBuildPhase section */

/* Begin PBXSourcesBuildPhase section */
		61772366274284FF00169D3D /* Sources */ = {
			isa = PBXSourcesBuildPhase;
			buildActionMask = 2147483647;
			files = (
				61B0B4412B94F8850085DB48 /* Rook.swift in Sources */,
				61812E3527681E8100616866 /* Position.swift in Sources */,
				61B32F592B9A53DB00790CF7 /* Field.swift in Sources */,
				61B0B4472B94F92E0085DB48 /* King.swift in Sources */,
				61B0B43B2B94F5F20085DB48 /* Pawn.swift in Sources */,
				61812E3227681DFC00616866 /* Fen.swift in Sources */,
				61B0B4562B95F4E00085DB48 /* Figure.swift in Sources */,
				61F163ED2B9D165200C48BAC /* ChessFigure.swift in Sources */,
				6177238D274284FF00169D3D /* SwiftChessApp.swift in Sources */,
				614FFC6D277786560082F892 /* Move.swift in Sources */,
				61812E212767F0A900616866 /* FigureModel.swift in Sources */,
				61A919242BA1F83E00AD371E /* MoveFactory.swift in Sources */,
				61B0B4442B94F8DB0085DB48 /* Queen.swift in Sources */,
				61B0B4502B95DEB00085DB48 /* ChessBoard.swift in Sources */,
				61812E2B2768078E00616866 /* PieceType.swift in Sources */,
				61B32F612B9CC5D700790CF7 /* BoardCache.swift in Sources */,
				616D3E472BA464D8002D78EE /* GameState.swift in Sources */,
				61812E242767F42000616866 /* BoardModel.swift in Sources */,
				61812E2E276807E600616866 /* PieceColor.swift in Sources */,
				61B0B4532B95E1A90085DB48 /* MoveType.swift in Sources */,
				617723A72742ABB800169D3D /* FigureView.swift in Sources */,
				617723A427429C9300169D3D /* BoardBackgroundView.swift in Sources */,
				61B0B44A2B94FAE60085DB48 /* Knight.swift in Sources */,
				61B0B43E2B94F80F0085DB48 /* Bishop.swift in Sources */,
				614FFC6A277780130082F892 /* MoveIndicatorView.swift in Sources */,
				61812E272767FDA900616866 /* BoardView.swift in Sources */,
				6177238F274284FF00169D3D /* ContentView.swift in Sources */,
			);
			runOnlyForDeploymentPostprocessing = 0;
		};
		6177236C274284FF00169D3D /* Sources */ = {
			isa = PBXSourcesBuildPhase;
			buildActionMask = 2147483647;
			files = (
				61B32F622B9CC5D700790CF7 /* BoardCache.swift in Sources */,
				61B32F5F2B9A873500790CF7 /* ValidationError.swift in Sources */,
				61B0B4422B94F8850085DB48 /* Rook.swift in Sources */,
				61812E3627681E8100616866 /* Position.swift in Sources */,
				61B32F5A2B9A53DB00790CF7 /* Field.swift in Sources */,
				61B0B4482B94F92E0085DB48 /* King.swift in Sources */,
				61B0B43C2B94F5F20085DB48 /* Pawn.swift in Sources */,
				61812E3327681DFC00616866 /* Fen.swift in Sources */,
				61A919252BA1F83E00AD371E /* MoveFactory.swift in Sources */,
				616D3E482BA464D8002D78EE /* GameState.swift in Sources */,
				61B0B4572B95F4E00085DB48 /* Figure.swift in Sources */,
				6177238E274284FF00169D3D /* SwiftChessApp.swift in Sources */,
				614FFC6E277786560082F892 /* Move.swift in Sources */,
				61812E222767F0A900616866 /* FigureModel.swift in Sources */,
				61B0B4452B94F8DB0085DB48 /* Queen.swift in Sources */,
				61B0B4512B95DEB00085DB48 /* ChessBoard.swift in Sources */,
				61F163EE2B9D165200C48BAC /* ChessFigure.swift in Sources */,
				61812E2C2768078E00616866 /* PieceType.swift in Sources */,
				61812E252767F42000616866 /* BoardModel.swift in Sources */,
				61812E2F276807E600616866 /* PieceColor.swift in Sources */,
				61B0B4542B95E1A90085DB48 /* MoveType.swift in Sources */,
				617723A82742ABB800169D3D /* FigureView.swift in Sources */,
				617723A527429C9300169D3D /* BoardBackgroundView.swift in Sources */,
				61B0B44B2B94FAE60085DB48 /* Knight.swift in Sources */,
				61B0B43F2B94F80F0085DB48 /* Bishop.swift in Sources */,
				614FFC6B277780130082F892 /* MoveIndicatorView.swift in Sources */,
				61812E282767FDA900616866 /* BoardView.swift in Sources */,
				61772390274284FF00169D3D /* ContentView.swift in Sources */,
			);
			runOnlyForDeploymentPostprocessing = 0;
		};
		61AE781C2B991AAD008F56F8 /* Sources */ = {
			isa = PBXSourcesBuildPhase;
			buildActionMask = 2147483647;
			files = (
				61B32F5C2B9A7D7E00790CF7 /* ChessTestBase.swift in Sources */,
				61B32F572B99F1F800790CF7 /* FieldTest.swift in Sources */,
				61B32F562B99F1F300790CF7 /* RawMovesTests.swift in Sources */,
				61A919272BA1F8ED00AD371E /* MoveFactoryTests.swift in Sources */,
				616D3E412BA35241002D78EE /* PositionTests.swift in Sources */,
				616D3E4A2BA46683002D78EE /* GameStateTests.swift in Sources */,
				616D3E432BA352BF002D78EE /* NotationTests.swift in Sources */,
			);
			runOnlyForDeploymentPostprocessing = 0;
		};
/* End PBXSourcesBuildPhase section */

/* Begin PBXTargetDependency section */
		61AE78252B991AAD008F56F8 /* PBXTargetDependency */ = {
			isa = PBXTargetDependency;
			target = 6177236F274284FF00169D3D /* SwiftChess (macOS) */;
			targetProxy = 61AE78242B991AAD008F56F8 /* PBXContainerItemProxy */;
		};
/* End PBXTargetDependency section */

/* Begin XCBuildConfiguration section */
		61772395274284FF00169D3D /* Debug */ = {
			isa = XCBuildConfiguration;
			buildSettings = {
				ALWAYS_SEARCH_USER_PATHS = NO;
				CLANG_ANALYZER_NONNULL = YES;
				CLANG_ANALYZER_NUMBER_OBJECT_CONVERSION = YES_AGGRESSIVE;
				CLANG_CXX_LANGUAGE_STANDARD = "gnu++17";
				CLANG_CXX_LIBRARY = "libc++";
				CLANG_ENABLE_MODULES = YES;
				CLANG_ENABLE_OBJC_ARC = YES;
				CLANG_ENABLE_OBJC_WEAK = YES;
				CLANG_WARN_BLOCK_CAPTURE_AUTORELEASING = YES;
				CLANG_WARN_BOOL_CONVERSION = YES;
				CLANG_WARN_COMMA = YES;
				CLANG_WARN_CONSTANT_CONVERSION = YES;
				CLANG_WARN_DEPRECATED_OBJC_IMPLEMENTATIONS = YES;
				CLANG_WARN_DIRECT_OBJC_ISA_USAGE = YES_ERROR;
				CLANG_WARN_DOCUMENTATION_COMMENTS = YES;
				CLANG_WARN_EMPTY_BODY = YES;
				CLANG_WARN_ENUM_CONVERSION = YES;
				CLANG_WARN_INFINITE_RECURSION = YES;
				CLANG_WARN_INT_CONVERSION = YES;
				CLANG_WARN_NON_LITERAL_NULL_CONVERSION = YES;
				CLANG_WARN_OBJC_IMPLICIT_RETAIN_SELF = YES;
				CLANG_WARN_OBJC_LITERAL_CONVERSION = YES;
				CLANG_WARN_OBJC_ROOT_CLASS = YES_ERROR;
				CLANG_WARN_QUOTED_INCLUDE_IN_FRAMEWORK_HEADER = YES;
				CLANG_WARN_RANGE_LOOP_ANALYSIS = YES;
				CLANG_WARN_STRICT_PROTOTYPES = YES;
				CLANG_WARN_SUSPICIOUS_MOVE = YES;
				CLANG_WARN_UNGUARDED_AVAILABILITY = YES_AGGRESSIVE;
				CLANG_WARN_UNREACHABLE_CODE = YES;
				CLANG_WARN__DUPLICATE_METHOD_MATCH = YES;
				COPY_PHASE_STRIP = NO;
				DEAD_CODE_STRIPPING = YES;
				DEBUG_INFORMATION_FORMAT = dwarf;
				ENABLE_STRICT_OBJC_MSGSEND = YES;
				ENABLE_TESTABILITY = YES;
				ENABLE_USER_SCRIPT_SANDBOXING = YES;
				GCC_C_LANGUAGE_STANDARD = gnu11;
				GCC_DYNAMIC_NO_PIC = NO;
				GCC_NO_COMMON_BLOCKS = YES;
				GCC_OPTIMIZATION_LEVEL = 0;
				GCC_PREPROCESSOR_DEFINITIONS = (
					"DEBUG=1",
					"$(inherited)",
				);
				GCC_WARN_64_TO_32_BIT_CONVERSION = YES;
				GCC_WARN_ABOUT_RETURN_TYPE = YES_ERROR;
				GCC_WARN_UNDECLARED_SELECTOR = YES;
				GCC_WARN_UNINITIALIZED_AUTOS = YES_AGGRESSIVE;
				GCC_WARN_UNUSED_FUNCTION = YES;
				GCC_WARN_UNUSED_VARIABLE = YES;
				MTL_ENABLE_DEBUG_INFO = INCLUDE_SOURCE;
				MTL_FAST_MATH = YES;
				ONLY_ACTIVE_ARCH = YES;
				SWIFT_ACTIVE_COMPILATION_CONDITIONS = DEBUG;
				SWIFT_OPTIMIZATION_LEVEL = "-Onone";
			};
			name = Debug;
		};
		61772396274284FF00169D3D /* Release */ = {
			isa = XCBuildConfiguration;
			buildSettings = {
				ALWAYS_SEARCH_USER_PATHS = NO;
				CLANG_ANALYZER_NONNULL = YES;
				CLANG_ANALYZER_NUMBER_OBJECT_CONVERSION = YES_AGGRESSIVE;
				CLANG_CXX_LANGUAGE_STANDARD = "gnu++17";
				CLANG_CXX_LIBRARY = "libc++";
				CLANG_ENABLE_MODULES = YES;
				CLANG_ENABLE_OBJC_ARC = YES;
				CLANG_ENABLE_OBJC_WEAK = YES;
				CLANG_WARN_BLOCK_CAPTURE_AUTORELEASING = YES;
				CLANG_WARN_BOOL_CONVERSION = YES;
				CLANG_WARN_COMMA = YES;
				CLANG_WARN_CONSTANT_CONVERSION = YES;
				CLANG_WARN_DEPRECATED_OBJC_IMPLEMENTATIONS = YES;
				CLANG_WARN_DIRECT_OBJC_ISA_USAGE = YES_ERROR;
				CLANG_WARN_DOCUMENTATION_COMMENTS = YES;
				CLANG_WARN_EMPTY_BODY = YES;
				CLANG_WARN_ENUM_CONVERSION = YES;
				CLANG_WARN_INFINITE_RECURSION = YES;
				CLANG_WARN_INT_CONVERSION = YES;
				CLANG_WARN_NON_LITERAL_NULL_CONVERSION = YES;
				CLANG_WARN_OBJC_IMPLICIT_RETAIN_SELF = YES;
				CLANG_WARN_OBJC_LITERAL_CONVERSION = YES;
				CLANG_WARN_OBJC_ROOT_CLASS = YES_ERROR;
				CLANG_WARN_QUOTED_INCLUDE_IN_FRAMEWORK_HEADER = YES;
				CLANG_WARN_RANGE_LOOP_ANALYSIS = YES;
				CLANG_WARN_STRICT_PROTOTYPES = YES;
				CLANG_WARN_SUSPICIOUS_MOVE = YES;
				CLANG_WARN_UNGUARDED_AVAILABILITY = YES_AGGRESSIVE;
				CLANG_WARN_UNREACHABLE_CODE = YES;
				CLANG_WARN__DUPLICATE_METHOD_MATCH = YES;
				COPY_PHASE_STRIP = NO;
				DEAD_CODE_STRIPPING = YES;
				DEBUG_INFORMATION_FORMAT = "dwarf-with-dsym";
				ENABLE_NS_ASSERTIONS = NO;
				ENABLE_STRICT_OBJC_MSGSEND = YES;
				ENABLE_USER_SCRIPT_SANDBOXING = YES;
				GCC_C_LANGUAGE_STANDARD = gnu11;
				GCC_NO_COMMON_BLOCKS = YES;
				GCC_WARN_64_TO_32_BIT_CONVERSION = YES;
				GCC_WARN_ABOUT_RETURN_TYPE = YES_ERROR;
				GCC_WARN_UNDECLARED_SELECTOR = YES;
				GCC_WARN_UNINITIALIZED_AUTOS = YES_AGGRESSIVE;
				GCC_WARN_UNUSED_FUNCTION = YES;
				GCC_WARN_UNUSED_VARIABLE = YES;
				MTL_ENABLE_DEBUG_INFO = NO;
				MTL_FAST_MATH = YES;
				SWIFT_COMPILATION_MODE = wholemodule;
				SWIFT_OPTIMIZATION_LEVEL = "-O";
			};
			name = Release;
		};
		61772398274284FF00169D3D /* Debug */ = {
			isa = XCBuildConfiguration;
			buildSettings = {
				ASSETCATALOG_COMPILER_APPICON_NAME = AppIcon;
				ASSETCATALOG_COMPILER_GLOBAL_ACCENT_COLOR_NAME = AccentColor;
				CODE_SIGN_STYLE = Automatic;
				CURRENT_PROJECT_VERSION = 1;
				DEVELOPMENT_TEAM = 4RQV64824E;
				ENABLE_PREVIEWS = YES;
				GENERATE_INFOPLIST_FILE = YES;
				INFOPLIST_KEY_UIApplicationSceneManifest_Generation = YES;
				INFOPLIST_KEY_UIApplicationSupportsIndirectInputEvents = YES;
				INFOPLIST_KEY_UILaunchScreen_Generation = YES;
				INFOPLIST_KEY_UISupportedInterfaceOrientations_iPad = "UIInterfaceOrientationPortrait UIInterfaceOrientationPortraitUpsideDown UIInterfaceOrientationLandscapeLeft UIInterfaceOrientationLandscapeRight";
				INFOPLIST_KEY_UISupportedInterfaceOrientations_iPhone = "UIInterfaceOrientationPortrait UIInterfaceOrientationLandscapeLeft UIInterfaceOrientationLandscapeRight";
				IPHONEOS_DEPLOYMENT_TARGET = 15.0;
				LD_RUNPATH_SEARCH_PATHS = (
					"$(inherited)",
					"@executable_path/Frameworks",
				);
				MARKETING_VERSION = 1.0;
				PRODUCT_BUNDLE_IDENTIFIER = com.redshadow.SwiftChess;
				PRODUCT_NAME = SwiftChess;
				SDKROOT = iphoneos;
				SWIFT_EMIT_LOC_STRINGS = YES;
				SWIFT_VERSION = 5.0;
				TARGETED_DEVICE_FAMILY = "1,2";
			};
			name = Debug;
		};
		61772399274284FF00169D3D /* Release */ = {
			isa = XCBuildConfiguration;
			buildSettings = {
				ASSETCATALOG_COMPILER_APPICON_NAME = AppIcon;
				ASSETCATALOG_COMPILER_GLOBAL_ACCENT_COLOR_NAME = AccentColor;
				CODE_SIGN_STYLE = Automatic;
				CURRENT_PROJECT_VERSION = 1;
				DEVELOPMENT_TEAM = 4RQV64824E;
				ENABLE_PREVIEWS = YES;
				GENERATE_INFOPLIST_FILE = YES;
				INFOPLIST_KEY_UIApplicationSceneManifest_Generation = YES;
				INFOPLIST_KEY_UIApplicationSupportsIndirectInputEvents = YES;
				INFOPLIST_KEY_UILaunchScreen_Generation = YES;
				INFOPLIST_KEY_UISupportedInterfaceOrientations_iPad = "UIInterfaceOrientationPortrait UIInterfaceOrientationPortraitUpsideDown UIInterfaceOrientationLandscapeLeft UIInterfaceOrientationLandscapeRight";
				INFOPLIST_KEY_UISupportedInterfaceOrientations_iPhone = "UIInterfaceOrientationPortrait UIInterfaceOrientationLandscapeLeft UIInterfaceOrientationLandscapeRight";
				IPHONEOS_DEPLOYMENT_TARGET = 15.0;
				LD_RUNPATH_SEARCH_PATHS = (
					"$(inherited)",
					"@executable_path/Frameworks",
				);
				MARKETING_VERSION = 1.0;
				PRODUCT_BUNDLE_IDENTIFIER = com.redshadow.SwiftChess;
				PRODUCT_NAME = SwiftChess;
				SDKROOT = iphoneos;
				SWIFT_EMIT_LOC_STRINGS = YES;
				SWIFT_VERSION = 5.0;
				TARGETED_DEVICE_FAMILY = "1,2";
				VALIDATE_PRODUCT = YES;
			};
			name = Release;
		};
		6177239B274284FF00169D3D /* Debug */ = {
			isa = XCBuildConfiguration;
			buildSettings = {
				ASSETCATALOG_COMPILER_APPICON_NAME = AppIcon;
				ASSETCATALOG_COMPILER_GLOBAL_ACCENT_COLOR_NAME = AccentColor;
				CODE_SIGN_ENTITLEMENTS = macOS/macOS.entitlements;
				CODE_SIGN_IDENTITY = "Apple Development";
				CODE_SIGN_STYLE = Automatic;
				COMBINE_HIDPI_IMAGES = YES;
				CURRENT_PROJECT_VERSION = 1;
				DEAD_CODE_STRIPPING = YES;
				DEVELOPMENT_TEAM = 4RQV64824E;
				ENABLE_HARDENED_RUNTIME = YES;
				ENABLE_PREVIEWS = YES;
				GENERATE_INFOPLIST_FILE = YES;
				INFOPLIST_KEY_NSHumanReadableCopyright = "";
				LD_RUNPATH_SEARCH_PATHS = (
					"$(inherited)",
					"@executable_path/../Frameworks",
				);
				MACOSX_DEPLOYMENT_TARGET = 14.0;
				MARKETING_VERSION = 1.0;
				PRODUCT_BUNDLE_IDENTIFIER = com.redshadow.SwiftChess;
				PRODUCT_NAME = SwiftChess;
				PROVISIONING_PROFILE_SPECIFIER = "";
				SDKROOT = macosx;
				SWIFT_EMIT_LOC_STRINGS = YES;
				SWIFT_VERSION = 5.0;
			};
			name = Debug;
		};
		6177239C274284FF00169D3D /* Release */ = {
			isa = XCBuildConfiguration;
			buildSettings = {
				ASSETCATALOG_COMPILER_APPICON_NAME = AppIcon;
				ASSETCATALOG_COMPILER_GLOBAL_ACCENT_COLOR_NAME = AccentColor;
				CODE_SIGN_ENTITLEMENTS = macOS/macOS.entitlements;
				CODE_SIGN_IDENTITY = "Apple Development";
				CODE_SIGN_STYLE = Automatic;
				COMBINE_HIDPI_IMAGES = YES;
				CURRENT_PROJECT_VERSION = 1;
				DEAD_CODE_STRIPPING = YES;
				DEVELOPMENT_TEAM = 4RQV64824E;
				ENABLE_HARDENED_RUNTIME = YES;
				ENABLE_PREVIEWS = YES;
				GENERATE_INFOPLIST_FILE = YES;
				INFOPLIST_KEY_NSHumanReadableCopyright = "";
				LD_RUNPATH_SEARCH_PATHS = (
					"$(inherited)",
					"@executable_path/../Frameworks",
				);
				MACOSX_DEPLOYMENT_TARGET = 14.0;
				MARKETING_VERSION = 1.0;
				PRODUCT_BUNDLE_IDENTIFIER = com.redshadow.SwiftChess;
				PRODUCT_NAME = SwiftChess;
				PROVISIONING_PROFILE_SPECIFIER = "";
				SDKROOT = macosx;
				SWIFT_EMIT_LOC_STRINGS = YES;
				SWIFT_VERSION = 5.0;
			};
			name = Release;
		};
		61AE78272B991AAD008F56F8 /* Debug */ = {
			isa = XCBuildConfiguration;
			buildSettings = {
				ASSETCATALOG_COMPILER_GENERATE_SWIFT_ASSET_SYMBOL_EXTENSIONS = YES;
				BUNDLE_LOADER = "$(TEST_HOST)";
				CLANG_CXX_LANGUAGE_STANDARD = "gnu++20";
				CODE_SIGN_STYLE = Automatic;
				CURRENT_PROJECT_VERSION = 1;
				DEVELOPMENT_TEAM = 4RQV64824E;
				GCC_C_LANGUAGE_STANDARD = gnu17;
				GENERATE_INFOPLIST_FILE = YES;
				LOCALIZATION_PREFERS_STRING_CATALOGS = YES;
				MACOSX_DEPLOYMENT_TARGET = 14.0;
				MARKETING_VERSION = 1.0;
				PRODUCT_BUNDLE_IDENTIFIER = com.redshadow.SwiftChessTests;
				PRODUCT_NAME = "$(TARGET_NAME)";
				SDKROOT = macosx;
				SWIFT_ACTIVE_COMPILATION_CONDITIONS = "DEBUG $(inherited)";
				SWIFT_EMIT_LOC_STRINGS = NO;
				SWIFT_VERSION = 5.0;
				TEST_HOST = "$(BUILT_PRODUCTS_DIR)/SwiftChess.app/$(BUNDLE_EXECUTABLE_FOLDER_PATH)/SwiftChess";
			};
			name = Debug;
		};
		61AE78282B991AAD008F56F8 /* Release */ = {
			isa = XCBuildConfiguration;
			buildSettings = {
				ASSETCATALOG_COMPILER_GENERATE_SWIFT_ASSET_SYMBOL_EXTENSIONS = YES;
				BUNDLE_LOADER = "$(TEST_HOST)";
				CLANG_CXX_LANGUAGE_STANDARD = "gnu++20";
				CODE_SIGN_STYLE = Automatic;
				CURRENT_PROJECT_VERSION = 1;
				DEVELOPMENT_TEAM = 4RQV64824E;
				GCC_C_LANGUAGE_STANDARD = gnu17;
				GENERATE_INFOPLIST_FILE = YES;
				LOCALIZATION_PREFERS_STRING_CATALOGS = YES;
				MACOSX_DEPLOYMENT_TARGET = 14.0;
				MARKETING_VERSION = 1.0;
				PRODUCT_BUNDLE_IDENTIFIER = com.redshadow.SwiftChessTests;
				PRODUCT_NAME = "$(TARGET_NAME)";
				SDKROOT = macosx;
				SWIFT_EMIT_LOC_STRINGS = NO;
				SWIFT_VERSION = 5.0;
				TEST_HOST = "$(BUILT_PRODUCTS_DIR)/SwiftChess.app/$(BUNDLE_EXECUTABLE_FOLDER_PATH)/SwiftChess";
			};
			name = Release;
		};
/* End XCBuildConfiguration section */

/* Begin XCConfigurationList section */
		6177235E274284FE00169D3D /* Build configuration list for PBXProject "SwiftChess" */ = {
			isa = XCConfigurationList;
			buildConfigurations = (
				61772395274284FF00169D3D /* Debug */,
				61772396274284FF00169D3D /* Release */,
			);
			defaultConfigurationIsVisible = 0;
			defaultConfigurationName = Release;
		};
		61772397274284FF00169D3D /* Build configuration list for PBXNativeTarget "SwiftChess (iOS)" */ = {
			isa = XCConfigurationList;
			buildConfigurations = (
				61772398274284FF00169D3D /* Debug */,
				61772399274284FF00169D3D /* Release */,
			);
			defaultConfigurationIsVisible = 0;
			defaultConfigurationName = Release;
		};
		6177239A274284FF00169D3D /* Build configuration list for PBXNativeTarget "SwiftChess (macOS)" */ = {
			isa = XCConfigurationList;
			buildConfigurations = (
				6177239B274284FF00169D3D /* Debug */,
				6177239C274284FF00169D3D /* Release */,
			);
			defaultConfigurationIsVisible = 0;
			defaultConfigurationName = Release;
		};
		61AE78262B991AAD008F56F8 /* Build configuration list for PBXNativeTarget "SwiftChessTests" */ = {
			isa = XCConfigurationList;
			buildConfigurations = (
				61AE78272B991AAD008F56F8 /* Debug */,
				61AE78282B991AAD008F56F8 /* Release */,
			);
			defaultConfigurationIsVisible = 0;
			defaultConfigurationName = Release;
		};
/* End XCConfigurationList section */
	};
	rootObject = 6177235B274284FE00169D3D /* Project object */;
}
