// !$*UTF8*$!
{
	archiveVersion = 1;
	classes = {
	};
	objectVersion = 70;
	objects = {

/* Begin PBXBuildFile section */
		6106C2BA2C1F800A00D67A00 /* FilePicker in Frameworks */ = {isa = PBXBuildFile; productRef = 6106C2B92C1F800A00D67A00 /* FilePicker */; };
		61F609152BC333AF009BDC38 /* ChessKitEngine in Frameworks */ = {isa = PBXBuildFile; productRef = 61F609142BC333AF009BDC38 /* ChessKitEngine */; };
/* End PBXBuildFile section */

/* Begin PBXContainerItemProxy section */
		615AED543031B3260045D0F0 /* PBXContainerItemProxy */ = {
			isa = PBXContainerItemProxy;
			containerPortal = 6177235B274284FE00169D3D /* Project object */;
			proxyType = 1;
			remoteGlobalIDString = 6177236F274284FF00169D3D;
			remoteInfo = "SwiftChess (macOS)";
		};
		619375DB2BDE783D005A616D /* PBXContainerItemProxy */ = {
			isa = PBXContainerItemProxy;
			containerPortal = 6177235B274284FE00169D3D /* Project object */;
			proxyType = 1;
			remoteGlobalIDString = 6177236F274284FF00169D3D;
			remoteInfo = "SwiftChess (macOS)";
		};
/* End PBXContainerItemProxy section */

/* Begin PBXFileReference section */
		615AED4E3031B3260045D0F0 /* SwiftChessUITests.xctest */ = {isa = PBXFileReference; explicitFileType = wrapper.cfbundle; includeInIndex = 0; path = SwiftChessUITests.xctest; sourceTree = BUILT_PRODUCTS_DIR; };
		61772370274284FF00169D3D /* SwiftChess.app */ = {isa = PBXFileReference; explicitFileType = wrapper.application; includeInIndex = 0; path = SwiftChess.app; sourceTree = BUILT_PRODUCTS_DIR; };
		619375D72BDE783D005A616D /* SwiftChessTests.xctest */ = {isa = PBXFileReference; explicitFileType = wrapper.cfbundle; includeInIndex = 0; path = SwiftChessTests.xctest; sourceTree = BUILT_PRODUCTS_DIR; };
		61AE78292B991BE8008F56F8 /* SwiftChess (macOS).xctestplan */ = {isa = PBXFileReference; lastKnownFileType = text; path = "SwiftChess (macOS).xctestplan"; sourceTree = "<group>"; };
/* End PBXFileReference section */

/* Begin PBXFileSystemSynchronizedRootGroup section */
		615AED4F3031B3260045D0F0 /* SwiftChessUITests */ = {isa = PBXFileSystemSynchronizedRootGroup; explicitFileTypes = {}; explicitFolders = (); path = SwiftChessUITests; sourceTree = "<group>"; };
		615AED763031BFC50045D0F0 /* SwiftChessTests */ = {isa = PBXFileSystemSynchronizedRootGroup; explicitFileTypes = {}; explicitFolders = (); path = SwiftChessTests; sourceTree = "<group>"; };
		615AEDF33031C0540045D0F0 /* Shared */ = {isa = PBXFileSystemSynchronizedRootGroup; explicitFileTypes = {}; explicitFolders = (); path = Shared; sourceTree = "<group>"; };
		615AEE4A3031C10B0045D0F0 /* macOS */ = {isa = PBXFileSystemSynchronizedRootGroup; explicitFileTypes = {}; explicitFolders = (); path = macOS; sourceTree = "<group>"; };
/* End PBXFileSystemSynchronizedRootGroup section */

/* Begin PBXFrameworksBuildPhase section */
		615AED4B3031B3260045D0F0 /* Frameworks */ = {
			isa = PBXFrameworksBuildPhase;
			buildActionMask = 2147483647;
			files = (
			);
			runOnlyForDeploymentPostprocessing = 0;
		};
		6177236D274284FF00169D3D /* Frameworks */ = {
			isa = PBXFrameworksBuildPhase;
			buildActionMask = 2147483647;
			files = (
				6106C2BA2C1F800A00D67A00 /* FilePicker in Frameworks */,
				61F609152BC333AF009BDC38 /* ChessKitEngine in Frameworks */,
			);
			runOnlyForDeploymentPostprocessing = 0;
		};
		619375D42BDE783D005A616D /* Frameworks */ = {
			isa = PBXFrameworksBuildPhase;
			buildActionMask = 2147483647;
			files = (
			);
			runOnlyForDeploymentPostprocessing = 0;
		};
/* End PBXFrameworksBuildPhase section */

/* Begin PBXGroup section */
		6177235A274284FE00169D3D = {
			isa = PBXGroup;
			children = (
				61AE78292B991BE8008F56F8 /* SwiftChess (macOS).xctestplan */,
				615AEDF33031C0540045D0F0 /* Shared */,
				615AEE4A3031C10B0045D0F0 /* macOS */,
				615AED763031BFC50045D0F0 /* SwiftChessTests */,
				615AED4F3031B3260045D0F0 /* SwiftChessUITests */,
				6177236B274284FF00169D3D /* Products */,
				61F6091E2BC7F2D1009BDC38 /* Frameworks */,
			);
			sourceTree = "<group>";
		};
		6177236B274284FF00169D3D /* Products */ = {
			isa = PBXGroup;
			children = (
				61772370274284FF00169D3D /* SwiftChess.app */,
				619375D72BDE783D005A616D /* SwiftChessTests.xctest */,
				615AED4E3031B3260045D0F0 /* SwiftChessUITests.xctest */,
			);
			name = Products;
			sourceTree = "<group>";
		};
		61F6091E2BC7F2D1009BDC38 /* Frameworks */ = {
			isa = PBXGroup;
			children = (
			);
			name = Frameworks;
			sourceTree = "<group>";
		};
/* End PBXGroup section */

/* Begin PBXNativeTarget section */
		615AED4D3031B3260045D0F0 /* SwiftChessUITests */ = {
			isa = PBXNativeTarget;
			buildConfigurationList = 615AED563031B3260045D0F0 /* Build configuration list for PBXNativeTarget "SwiftChessUITests" */;
			buildPhases = (
				615AED4A3031B3260045D0F0 /* Sources */,
				615AED4B3031B3260045D0F0 /* Frameworks */,
				615AED4C3031B3260045D0F0 /* Resources */,
			);
			buildRules = (
			);
			dependencies = (
				615AED553031B3260045D0F0 /* PBXTargetDependency */,
			);
			fileSystemSynchronizedGroups = (
				615AED4F3031B3260045D0F0 /* SwiftChessUITests */,
			);
			name = SwiftChessUITests;
			packageProductDependencies = (
			);
			productName = SwiftChessUITests;
			productReference = 615AED4E3031B3260045D0F0 /* SwiftChessUITests.xctest */;
			productType = "com.apple.product-type.bundle.ui-testing";
		};
		6177236F274284FF00169D3D /* SwiftChess (macOS) */ = {
			isa = PBXNativeTarget;
			buildConfigurationList = 6177239A274284FF00169D3D /* Build configuration list for PBXNativeTarget "SwiftChess (macOS)" */;
			buildPhases = (
				6177236C274284FF00169D3D /* Sources */,
				6177236D274284FF00169D3D /* Frameworks */,
				6177236E274284FF00169D3D /* Resources */,
			);
			buildRules = (
			);
			dependencies = (
				61F609112BC310B4009BDC38 /* PBXTargetDependency */,
			);
			fileSystemSynchronizedGroups = (
				615AEDF33031C0540045D0F0 /* Shared */,
			);
			name = "SwiftChess (macOS)";
			packageProductDependencies = (
				61F609142BC333AF009BDC38 /* ChessKitEngine */,
				6106C2B92C1F800A00D67A00 /* FilePicker */,
			);
			productName = "SwiftChess (macOS)";
			productReference = 61772370274284FF00169D3D /* SwiftChess.app */;
			productType = "com.apple.product-type.application";
		};
		619375D62BDE783D005A616D /* SwiftChessTests */ = {
			isa = PBXNativeTarget;
			buildConfigurationList = 619375DF2BDE783D005A616D /* Build configuration list for PBXNativeTarget "SwiftChessTests" */;
			buildPhases = (
				619375D32BDE783D005A616D /* Sources */,
				619375D42BDE783D005A616D /* Frameworks */,
				619375D52BDE783D005A616D /* Resources */,
			);
			buildRules = (
			);
			dependencies = (
				619375DC2BDE783D005A616D /* PBXTargetDependency */,
			);
			fileSystemSynchronizedGroups = (
				615AED763031BFC50045D0F0 /* SwiftChessTests */,
			);
			name = SwiftChessTests;
			productName = SwiftChessTests;
			productReference = 619375D72BDE783D005A616D /* SwiftChessTests.xctest */;
			productType = "com.apple.product-type.bundle.unit-test";
		};
/* End PBXNativeTarget section */

/* Begin PBXProject section */
		6177235B274284FE00169D3D /* Project object */ = {
			isa = PBXProject;
			attributes = {
				BuildIndependentTargetsInParallel = 1;
				LastSwiftUpdateCheck = 2660;
				LastUpgradeCheck = 2660;
				TargetAttributes = {
					615AED4D3031B3260045D0F0 = {
						CreatedOnToolsVersion = 26.6;
						TestTargetID = 6177236F274284FF00169D3D;
					};
					6177236F274284FF00169D3D = {
						CreatedOnToolsVersion = 13.1;
					};
					619375D62BDE783D005A616D = {
						CreatedOnToolsVersion = 15.3;
						TestTargetID = 6177236F274284FF00169D3D;
					};
				};
			};
			buildConfigurationList = 6177235E274284FE00169D3D /* Build configuration list for PBXProject "SwiftChess" */;
			compatibilityVersion = "Xcode 13.0";
			developmentRegion = en;
			hasScannedForEncodings = 0;
			knownRegions = (
				en,
				Base,
			);
			mainGroup = 6177235A274284FE00169D3D;
			packageReferences = (
				61F609122BC310DD009BDC38 /* XCRemoteSwiftPackageReference "chesskit-engine" */,
				6106C2B82C1F7FE500D67A00 /* XCRemoteSwiftPackageReference "FilePicker" */,
			);
			productRefGroup = 6177236B274284FF00169D3D /* Products */;
			projectDirPath = "";
			projectRoot = "";
			targets = (
				6177236F274284FF00169D3D /* SwiftChess (macOS) */,
				619375D62BDE783D005A616D /* SwiftChessTests */,
				615AED4D3031B3260045D0F0 /* SwiftChessUITests */,
			);
		};
/* End PBXProject section */

/* Begin PBXResourcesBuildPhase section */
		615AED4C3031B3260045D0F0 /* Resources */ = {
			isa = PBXResourcesBuildPhase;
			buildActionMask = 2147483647;
			files = (
			);
			runOnlyForDeploymentPostprocessing = 0;
		};
		6177236E274284FF00169D3D /* Resources */ = {
			isa = PBXResourcesBuildPhase;
			buildActionMask = 2147483647;
			files = (
			);
			runOnlyForDeploymentPostprocessing = 0;
		};
		619375D52BDE783D005A616D /* Resources */ = {
			isa = PBXResourcesBuildPhase;
			buildActionMask = 2147483647;
			files = (
			);
			runOnlyForDeploymentPostprocessing = 0;
		};
/* End PBXResourcesBuildPhase section */

/* Begin PBXSourcesBuildPhase section */
		615AED4A3031B3260045D0F0 /* Sources */ = {
			isa = PBXSourcesBuildPhase;
			buildActionMask = 2147483647;
			files = (
			);
			runOnlyForDeploymentPostprocessing = 0;
		};
		6177236C274284FF00169D3D /* Sources */ = {
			isa = PBXSourcesBuildPhase;
			buildActionMask = 2147483647;
			files = (
			);
			runOnlyForDeploymentPostprocessing = 0;
		};
		619375D32BDE783D005A616D /* Sources */ = {
			isa = PBXSourcesBuildPhase;
			buildActionMask = 2147483647;
			files = (
			);
			runOnlyForDeploymentPostprocessing = 0;
		};
/* End PBXSourcesBuildPhase section */

/* Begin PBXTargetDependency section */
		615AED553031B3260045D0F0 /* PBXTargetDependency */ = {
			isa = PBXTargetDependency;
			target = 6177236F274284FF00169D3D /* SwiftChess (macOS) */;
			targetProxy = 615AED543031B3260045D0F0 /* PBXContainerItemProxy */;
		};
		619375DC2BDE783D005A616D /* PBXTargetDependency */ = {
			isa = PBXTargetDependency;
			target = 6177236F274284FF00169D3D /* SwiftChess (macOS) */;
			targetProxy = 619375DB2BDE783D005A616D /* PBXContainerItemProxy */;
		};
		61F609112BC310B4009BDC38 /* PBXTargetDependency */ = {
			isa = PBXTargetDependency;
			productRef = 61F609102BC310B4009BDC38 /* ChessKitEngine */;
		};
/* End PBXTargetDependency section */

/* Begin XCBuildConfiguration section */
		615AED573031B3260045D0F0 /* Debug */ = {
			isa = XCBuildConfiguration;
			buildSettings = {
				CLANG_CXX_LANGUAGE_STANDARD = "gnu++20";
				CODE_SIGN_STYLE = Automatic;
				CURRENT_PROJECT_VERSION = 1;
				GCC_C_LANGUAGE_STANDARD = gnu17;
				GENERATE_INFOPLIST_FILE = YES;
				LOCALIZATION_PREFERS_STRING_CATALOGS = YES;
				MACOSX_DEPLOYMENT_TARGET = 26.5;
				MARKETING_VERSION = 1.0;
				PRODUCT_BUNDLE_IDENTIFIER = com.redshadow.SwiftChessUITests;
				PRODUCT_NAME = "$(TARGET_NAME)";
				SDKROOT = macosx;
				STRING_CATALOG_GENERATE_SYMBOLS = NO;
				SWIFT_ACTIVE_COMPILATION_CONDITIONS = "DEBUG $(inherited)";
				SWIFT_APPROACHABLE_CONCURRENCY = YES;
				SWIFT_EMIT_LOC_STRINGS = NO;
				SWIFT_UPCOMING_FEATURE_MEMBER_IMPORT_VISIBILITY = YES;
				SWIFT_VERSION = 6.0;
				TEST_TARGET_NAME = "SwiftChess (macOS)";
			};
			name = Debug;
		};
		615AED583031B3260045D0F0 /* Release */ = {
			isa = XCBuildConfiguration;
			buildSettings = {
				CLANG_CXX_LANGUAGE_STANDARD = "gnu++20";
				CODE_SIGN_STYLE = Automatic;
				CURRENT_PROJECT_VERSION = 1;
				GCC_C_LANGUAGE_STANDARD = gnu17;
				GENERATE_INFOPLIST_FILE = YES;
				LOCALIZATION_PREFERS_STRING_CATALOGS = YES;
				MACOSX_DEPLOYMENT_TARGET = 26.5;
				MARKETING_VERSION = 1.0;
				PRODUCT_BUNDLE_IDENTIFIER = com.redshadow.SwiftChessUITests;
				PRODUCT_NAME = "$(TARGET_NAME)";
				SDKROOT = macosx;
				STRING_CATALOG_GENERATE_SYMBOLS = NO;
				SWIFT_APPROACHABLE_CONCURRENCY = YES;
				SWIFT_EMIT_LOC_STRINGS = NO;
				SWIFT_UPCOMING_FEATURE_MEMBER_IMPORT_VISIBILITY = YES;
				SWIFT_VERSION = 6.0;
				TEST_TARGET_NAME = "SwiftChess (macOS)";
			};
			name = Release;
		};
		61772395274284FF00169D3D /* Debug */ = {
			isa = XCBuildConfiguration;
			buildSettings = {
				ALWAYS_SEARCH_USER_PATHS = NO;
				ASSETCATALOG_COMPILER_GENERATE_SWIFT_ASSET_SYMBOL_EXTENSIONS = YES;
				CLANG_ANALYZER_NONNULL = YES;
				CLANG_ANALYZER_NUMBER_OBJECT_CONVERSION = YES_AGGRESSIVE;
				CLANG_CXX_LANGUAGE_STANDARD = "gnu++17";
				CLANG_CXX_LIBRARY = "libc++";
				CLANG_ENABLE_MODULES = YES;
				CLANG_ENABLE_OBJC_ARC = YES;
				CLANG_ENABLE_OBJC_WEAK = YES;
				CLANG_WARN_BLOCK_CAPTURE_AUTORELEASING = YES;
				CLANG_WARN_BOOL_CONVERSION = YES;
				CLANG_WARN_COMMA = YES;
				CLANG_WARN_CONSTANT_CONVERSION = YES;
				CLANG_WARN_DEPRECATED_OBJC_IMPLEMENTATIONS = YES;
				CLANG_WARN_DIRECT_OBJC_ISA_USAGE = YES_ERROR;
				CLANG_WARN_DOCUMENTATION_COMMENTS = YES;
				CLANG_WARN_EMPTY_BODY = YES;
				CLANG_WARN_ENUM_CONVERSION = YES;
				CLANG_WARN_INFINITE_RECURSION = YES;
				CLANG_WARN_INT_CONVERSION = YES;
				CLANG_WARN_NON_LITERAL_NULL_CONVERSION = YES;
				CLANG_WARN_OBJC_IMPLICIT_RETAIN_SELF = YES;
				CLANG_WARN_OBJC_LITERAL_CONVERSION = YES;
				CLANG_WARN_OBJC_ROOT_CLASS = YES_ERROR;
				CLANG_WARN_QUOTED_INCLUDE_IN_FRAMEWORK_HEADER = YES;
				CLANG_WARN_RANGE_LOOP_ANALYSIS = YES;
				CLANG_WARN_STRICT_PROTOTYPES = YES;
				CLANG_WARN_SUSPICIOUS_MOVE = YES;
				CLANG_WARN_UNGUARDED_AVAILABILITY = YES_AGGRESSIVE;
				CLANG_WARN_UNREACHABLE_CODE = YES;
				CLANG_WARN__DUPLICATE_METHOD_MATCH = YES;
				COPY_PHASE_STRIP = NO;
				DEAD_CODE_STRIPPING = YES;
				DEBUG_INFORMATION_FORMAT = dwarf;
				DEVELOPMENT_TEAM = 4RQV64824E;
				ENABLE_STRICT_OBJC_MSGSEND = YES;
				ENABLE_TESTABILITY = YES;
				ENABLE_USER_SCRIPT_SANDBOXING = YES;
				GCC_C_LANGUAGE_STANDARD = gnu11;
				GCC_DYNAMIC_NO_PIC = NO;
				GCC_NO_COMMON_BLOCKS = YES;
				GCC_OPTIMIZATION_LEVEL = 0;
				GCC_PREPROCESSOR_DEFINITIONS = (
					"DEBUG=1",
					"$(inherited)",
				);
				GCC_WARN_64_TO_32_BIT_CONVERSION = YES;
				GCC_WARN_ABOUT_RETURN_TYPE = YES_ERROR;
				GCC_WARN_UNDECLARED_SELECTOR = YES;
				GCC_WARN_UNINITIALIZED_AUTOS = YES_AGGRESSIVE;
				GCC_WARN_UNUSED_FUNCTION = YES;
				GCC_WARN_UNUSED_VARIABLE = YES;
				MTL_ENABLE_DEBUG_INFO = INCLUDE_SOURCE;
				MTL_FAST_MATH = YES;
				ONLY_ACTIVE_ARCH = YES;
				STRING_CATALOG_GENERATE_SYMBOLS = YES;
				SWIFT_ACTIVE_COMPILATION_CONDITIONS = DEBUG;
				SWIFT_OPTIMIZATION_LEVEL = "-Onone";
				SWIFT_VERSION = 6.0;
			};
			name = Debug;
		};
		61772396274284FF00169D3D /* Release */ = {
			isa = XCBuildConfiguration;
			buildSettings = {
				ALWAYS_SEARCH_USER_PATHS = NO;
				ASSETCATALOG_COMPILER_GENERATE_SWIFT_ASSET_SYMBOL_EXTENSIONS = YES;
				CLANG_ANALYZER_NONNULL = YES;
				CLANG_ANALYZER_NUMBER_OBJECT_CONVERSION = YES_AGGRESSIVE;
				CLANG_CXX_LANGUAGE_STANDARD = "gnu++17";
				CLANG_CXX_LIBRARY = "libc++";
				CLANG_ENABLE_MODULES = YES;
				CLANG_ENABLE_OBJC_ARC = YES;
				CLANG_ENABLE_OBJC_WEAK = YES;
				CLANG_WARN_BLOCK_CAPTURE_AUTORELEASING = YES;
				CLANG_WARN_BOOL_CONVERSION = YES;
				CLANG_WARN_COMMA = YES;
				CLANG_WARN_CONSTANT_CONVERSION = YES;
				CLANG_WARN_DEPRECATED_OBJC_IMPLEMENTATIONS = YES;
				CLANG_WARN_DIRECT_OBJC_ISA_USAGE = YES_ERROR;
				CLANG_WARN_DOCUMENTATION_COMMENTS = YES;
				CLANG_WARN_EMPTY_BODY = YES;
				CLANG_WARN_ENUM_CONVERSION = YES;
				CLANG_WARN_INFINITE_RECURSION = YES;
				CLANG_WARN_INT_CONVERSION = YES;
				CLANG_WARN_NON_LITERAL_NULL_CONVERSION = YES;
				CLANG_WARN_OBJC_IMPLICIT_RETAIN_SELF = YES;
				CLANG_WARN_OBJC_LITERAL_CONVERSION = YES;
				CLANG_WARN_OBJC_ROOT_CLASS = YES_ERROR;
				CLANG_WARN_QUOTED_INCLUDE_IN_FRAMEWORK_HEADER = YES;
				CLANG_WARN_RANGE_LOOP_ANALYSIS = YES;
				CLANG_WARN_STRICT_PROTOTYPES = YES;
				CLANG_WARN_SUSPICIOUS_MOVE = YES;
				CLANG_WARN_UNGUARDED_AVAILABILITY = YES_AGGRESSIVE;
				CLANG_WARN_UNREACHABLE_CODE = YES;
				CLANG_WARN__DUPLICATE_METHOD_MATCH = YES;
				COPY_PHASE_STRIP = NO;
				DEAD_CODE_STRIPPING = YES;
				DEBUG_INFORMATION_FORMAT = "dwarf-with-dsym";
				DEVELOPMENT_TEAM = 4RQV64824E;
				ENABLE_NS_ASSERTIONS = NO;
				ENABLE_STRICT_OBJC_MSGSEND = YES;
				ENABLE_USER_SCRIPT_SANDBOXING = YES;
				GCC_C_LANGUAGE_STANDARD = gnu11;
				GCC_NO_COMMON_BLOCKS = YES;
				GCC_WARN_64_TO_32_BIT_CONVERSION = YES;
				GCC_WARN_ABOUT_RETURN_TYPE = YES_ERROR;
				GCC_WARN_UNDECLARED_SELECTOR = YES;
				GCC_WARN_UNINITIALIZED_AUTOS = YES_AGGRESSIVE;
				GCC_WARN_UNUSED_FUNCTION = YES;
				GCC_WARN_UNUSED_VARIABLE = YES;
				MTL_ENABLE_DEBUG_INFO = NO;
				MTL_FAST_MATH = YES;
				STRING_CATALOG_GENERATE_SYMBOLS = YES;
				SWIFT_COMPILATION_MODE = wholemodule;
				SWIFT_OPTIMIZATION_LEVEL = "-O";
				SWIFT_VERSION = 6.0;
			};
			name = Release;
		};
		6177239B274284FF00169D3D /* Debug */ = {
			isa = XCBuildConfiguration;
			buildSettings = {
				ASSETCATALOG_COMPILER_APPICON_NAME = AppIcon;
				ASSETCATALOG_COMPILER_GLOBAL_ACCENT_COLOR_NAME = AccentColor;
				CODE_SIGN_ENTITLEMENTS = macOS/macOS.entitlements;
				CODE_SIGN_IDENTITY = "Apple Development";
				CODE_SIGN_STYLE = Automatic;
				COMBINE_HIDPI_IMAGES = YES;
				CURRENT_PROJECT_VERSION = 1;
				DEAD_CODE_STRIPPING = YES;
				ENABLE_HARDENED_RUNTIME = YES;
				ENABLE_PREVIEWS = YES;
				GENERATE_INFOPLIST_FILE = YES;
				INFOPLIST_KEY_NSHumanReadableCopyright = "";
				LD_RUNPATH_SEARCH_PATHS = (
					"$(inherited)",
					"@executable_path/../Frameworks",
				);
				MACOSX_DEPLOYMENT_TARGET = 26.0;
				MARKETING_VERSION = 1.0;
				PRODUCT_BUNDLE_IDENTIFIER = com.redshadow.SwiftChess;
				PRODUCT_NAME = SwiftChess;
				PROVISIONING_PROFILE_SPECIFIER = "";
				SDKROOT = macosx;
				SWIFT_EMIT_LOC_STRINGS = YES;
				SWIFT_VERSION = 6.0;
			};
			name = Debug;
		};
		6177239C274284FF00169D3D /* Release */ = {
			isa = XCBuildConfiguration;
			buildSettings = {
				ASSETCATALOG_COMPILER_APPICON_NAME = AppIcon;
				ASSETCATALOG_COMPILER_GLOBAL_ACCENT_COLOR_NAME = AccentColor;
				CODE_SIGN_ENTITLEMENTS = macOS/macOS.entitlements;
				CODE_SIGN_IDENTITY = "Apple Development";
				CODE_SIGN_STYLE = Automatic;
				COMBINE_HIDPI_IMAGES = YES;
				CURRENT_PROJECT_VERSION = 1;
				DEAD_CODE_STRIPPING = YES;
				ENABLE_HARDENED_RUNTIME = YES;
				ENABLE_PREVIEWS = YES;
				GENERATE_INFOPLIST_FILE = YES;
				INFOPLIST_KEY_NSHumanReadableCopyright = "";
				LD_RUNPATH_SEARCH_PATHS = (
					"$(inherited)",
					"@executable_path/../Frameworks",
				);
				MACOSX_DEPLOYMENT_TARGET = 26.0;
				MARKETING_VERSION = 1.0;
				PRODUCT_BUNDLE_IDENTIFIER = com.redshadow.SwiftChess;
				PRODUCT_NAME = SwiftChess;
				PROVISIONING_PROFILE_SPECIFIER = "";
				SDKROOT = macosx;
				SWIFT_EMIT_LOC_STRINGS = YES;
				SWIFT_VERSION = 6.0;
			};
			name = Release;
		};
		619375DD2BDE783D005A616D /* Debug */ = {
			isa = XCBuildConfiguration;
			buildSettings = {
				ASSETCATALOG_COMPILER_GENERATE_SWIFT_ASSET_SYMBOL_EXTENSIONS = YES;
				BUNDLE_LOADER = "$(TEST_HOST)";
				CLANG_CXX_LANGUAGE_STANDARD = "gnu++20";
				CODE_SIGN_STYLE = Automatic;
				CURRENT_PROJECT_VERSION = 1;
				GCC_C_LANGUAGE_STANDARD = gnu17;
				GENERATE_INFOPLIST_FILE = YES;
				IPHONEOS_DEPLOYMENT_TARGET = 26.0;
				LOCALIZATION_PREFERS_STRING_CATALOGS = YES;
				MACOSX_DEPLOYMENT_TARGET = 26.0;
				MARKETING_VERSION = 1.0;
				PRODUCT_BUNDLE_IDENTIFIER = com.redshadow.SwiftChessTests;
				PRODUCT_NAME = "$(TARGET_NAME)";
				SDKROOT = auto;
				SUPPORTED_PLATFORMS = "iphoneos iphonesimulator macosx";
				SWIFT_ACTIVE_COMPILATION_CONDITIONS = "DEBUG $(inherited)";
				SWIFT_EMIT_LOC_STRINGS = NO;
				SWIFT_VERSION = 6.0;
				TARGETED_DEVICE_FAMILY = "1,2";
				TEST_HOST = "$(BUILT_PRODUCTS_DIR)/SwiftChess.app/$(BUNDLE_EXECUTABLE_FOLDER_PATH)/SwiftChess";
			};
			name = Debug;
		};
		619375DE2BDE783D005A616D /* Release */ = {
			isa = XCBuildConfiguration;
			buildSettings = {
				ASSETCATALOG_COMPILER_GENERATE_SWIFT_ASSET_SYMBOL_EXTENSIONS = YES;
				BUNDLE_LOADER = "$(TEST_HOST)";
				CLANG_CXX_LANGUAGE_STANDARD = "gnu++20";
				CODE_SIGN_STYLE = Automatic;
				CURRENT_PROJECT_VERSION = 1;
				GCC_C_LANGUAGE_STANDARD = gnu17;
				GENERATE_INFOPLIST_FILE = YES;
				IPHONEOS_DEPLOYMENT_TARGET = 26.0;
				LOCALIZATION_PREFERS_STRING_CATALOGS = YES;
				MACOSX_DEPLOYMENT_TARGET = 26.0;
				MARKETING_VERSION = 1.0;
				PRODUCT_BUNDLE_IDENTIFIER = com.redshadow.SwiftChessTests;
				PRODUCT_NAME = "$(TARGET_NAME)";
				SDKROOT = auto;
				SUPPORTED_PLATFORMS = "iphoneos iphonesimulator macosx";
				SWIFT_EMIT_LOC_STRINGS = NO;
				SWIFT_VERSION = 6.0;
				TARGETED_DEVICE_FAMILY = "1,2";
				TEST_HOST = "$(BUILT_PRODUCTS_DIR)/SwiftChess.app/$(BUNDLE_EXECUTABLE_FOLDER_PATH)/SwiftChess";
			};
			name = Release;
		};
/* End XCBuildConfiguration section */

/* Begin XCConfigurationList section */
		615AED563031B3260045D0F0 /* Build configuration list for PBXNativeTarget "SwiftChessUITests" */ = {
			isa = XCConfigurationList;
			buildConfigurations = (
				615AED573031B3260045D0F0 /* Debug */,
				615AED583031B3260045D0F0 /* Release */,
			);
			defaultConfigurationIsVisible = 0;
			defaultConfigurationName = Release;
		};
		6177235E274284FE00169D3D /* Build configuration list for PBXProject "SwiftChess" */ = {
			isa = XCConfigurationList;
			buildConfigurations = (
				61772395274284FF00169D3D /* Debug */,
				61772396274284FF00169D3D /* Release */,
			);
			defaultConfigurationIsVisible = 0;
			defaultConfigurationName = Release;
		};
		6177239A274284FF00169D3D /* Build configuration list for PBXNativeTarget "SwiftChess (macOS)" */ = {
			isa = XCConfigurationList;
			buildConfigurations = (
				6177239B274284FF00169D3D /* Debug */,
				6177239C274284FF00169D3D /* Release */,
			);
			defaultConfigurationIsVisible = 0;
			defaultConfigurationName = Release;
		};
		619375DF2BDE783D005A616D /* Build configuration list for PBXNativeTarget "SwiftChessTests" */ = {
			isa = XCConfigurationList;
			buildConfigurations = (
				619375DD2BDE783D005A616D /* Debug */,
				619375DE2BDE783D005A616D /* Release */,
			);
			defaultConfigurationIsVisible = 0;
			defaultConfigurationName = Release;
		};
/* End XCConfigurationList section */

/* Begin XCRemoteSwiftPackageReference section */
		6106C2B82C1F7FE500D67A00 /* XCRemoteSwiftPackageReference "FilePicker" */ = {
			isa = XCRemoteSwiftPackageReference;
			repositoryURL = "https://github.com/markrenaud/FilePicker";
			requirement = {
				kind = upToNextMajorVersion;
				minimumVersion = 1.0.1;
			};
		};
		61F6090C2BC30F27009BDC38 /* XCRemoteSwiftPackageReference "chesskit-engine" */ = {
			isa = XCRemoteSwiftPackageReference;
			repositoryURL = "https://github.com/chesskit-app/chesskit-engine";
			requirement = {
				kind = upToNextMajorVersion;
				minimumVersion = 0.3.0;
			};
		};
		61F609122BC310DD009BDC38 /* XCRemoteSwiftPackageReference "chesskit-engine" */ = {
			isa = XCRemoteSwiftPackageReference;
			repositoryURL = "https://github.com/chesskit-app/chesskit-engine";
			requirement = {
				kind = upToNextMajorVersion;
				minimumVersion = 0.3.0;
			};
		};
/* End XCRemoteSwiftPackageReference section */

/* Begin XCSwiftPackageProductDependency section */
		6106C2B92C1F800A00D67A00 /* FilePicker */ = {
			isa = XCSwiftPackageProductDependency;
			package = 6106C2B82C1F7FE500D67A00 /* XCRemoteSwiftPackageReference "FilePicker" */;
			productName = FilePicker;
		};
		61F609102BC310B4009BDC38 /* ChessKitEngine */ = {
			isa = XCSwiftPackageProductDependency;
			package = 61F6090C2BC30F27009BDC38 /* XCRemoteSwiftPackageReference "chesskit-engine" */;
			productName = ChessKitEngine;
		};
		61F609142BC333AF009BDC38 /* ChessKitEngine */ = {
			isa = XCSwiftPackageProductDependency;
			package = 61F609122BC310DD009BDC38 /* XCRemoteSwiftPackageReference "chesskit-engine" */;
			productName = ChessKitEngine;
		};
/* End XCSwiftPackageProductDependency section */
	};
	rootObject = 6177235B274284FE00169D3D /* Project object */;
}
